// !$*UTF8*$!
{
	archiveVersion = 1;
	classes = {
	};
	objectVersion = 46;
	objects = {

/* Begin PBXBuildFile section */
		410555F21B9C729400B208E8 /* main.mm in Sources */ = {isa = PBXBuildFile; fileRef = 410555F11B9C729400B208E8 /* main.mm */; };
		410555F51B9C729400B208E8 /* AppDelegate.m in Sources */ = {isa = PBXBuildFile; fileRef = 410555F41B9C729400B208E8 /* AppDelegate.m */; };
		410556031B9C729400B208E8 /* LaunchScreen.xib in Resources */ = {isa = PBXBuildFile; fileRef = 410556011B9C729400B208E8 /* LaunchScreen.xib */; };
		4106DFF51BA1D7A900EF997D /* StringUtil.m in Sources */ = {isa = PBXBuildFile; fileRef = 4106DFEB1BA1D7A900EF997D /* StringUtil.m */; };
		4106DFF71BA1D7A900EF997D /* NSDataAdditions.m in Sources */ = {isa = PBXBuildFile; fileRef = 4106DFEF1BA1D7A900EF997D /* NSDataAdditions.m */; };
		4106DFF81BA1D7A900EF997D /* NSDictionaryAdditions.m in Sources */ = {isa = PBXBuildFile; fileRef = 4106DFF11BA1D7A900EF997D /* NSDictionaryAdditions.m */; };
		4106DFF91BA1D7A900EF997D /* CLLocation+Sino.m in Sources */ = {isa = PBXBuildFile; fileRef = 4106DFF31BA1D7A900EF997D /* CLLocation+Sino.m */; };
		410A3ABF1BAB041B0025206E /* SetTableViewController.m in Sources */ = {isa = PBXBuildFile; fileRef = 410A3ABE1BAB041B0025206E /* SetTableViewController.m */; };
		410A3AC41BAB13830025206E /* image.xcassets in Resources */ = {isa = PBXBuildFile; fileRef = 410A3AC31BAB13830025206E /* image.xcassets */; };
		412A15181BC68A8D006E87A0 /* cacheTableViewController.m in Sources */ = {isa = PBXBuildFile; fileRef = 412A15171BC68A8D006E87A0 /* cacheTableViewController.m */; };
		412A151B1BC68AEB006E87A0 /* addCacheTableViewController.m in Sources */ = {isa = PBXBuildFile; fileRef = 412A151A1BC68AEB006E87A0 /* addCacheTableViewController.m */; };
		412A152B1BC69318006E87A0 /* AbstractActionSheetPicker.m in Sources */ = {isa = PBXBuildFile; fileRef = 412A151F1BC69318006E87A0 /* AbstractActionSheetPicker.m */; };
		412A152C1BC69318006E87A0 /* ActionSheetCustomPicker.m in Sources */ = {isa = PBXBuildFile; fileRef = 412A15211BC69318006E87A0 /* ActionSheetCustomPicker.m */; };
		412A152D1BC69318006E87A0 /* ActionSheetDatePicker.m in Sources */ = {isa = PBXBuildFile; fileRef = 412A15241BC69318006E87A0 /* ActionSheetDatePicker.m */; };
		412A152E1BC69318006E87A0 /* ActionSheetDistancePicker.m in Sources */ = {isa = PBXBuildFile; fileRef = 412A15261BC69318006E87A0 /* ActionSheetDistancePicker.m */; };
		412A152F1BC69318006E87A0 /* ActionSheetStringPicker.m in Sources */ = {isa = PBXBuildFile; fileRef = 412A15281BC69318006E87A0 /* ActionSheetStringPicker.m */; };
		412A15301BC69318006E87A0 /* DistancePickerView.m in Sources */ = {isa = PBXBuildFile; fileRef = 412A152A1BC69318006E87A0 /* DistancePickerView.m */; };
		412A15351BC6A7F4006E87A0 /* ShpHelper.m in Sources */ = {isa = PBXBuildFile; fileRef = 412A15341BC6A7F4006E87A0 /* ShpHelper.m */; };
		412A154C1BC6AB5B006E87A0 /* dbfopen.c in Sources */ = {isa = PBXBuildFile; fileRef = 412A15481BC6AB5B006E87A0 /* dbfopen.c */; };
		412A154D1BC6AB5B006E87A0 /* shpopen.c in Sources */ = {isa = PBXBuildFile; fileRef = 412A154A1BC6AB5B006E87A0 /* shpopen.c */; };
		412A154E1BC6AB5B006E87A0 /* shptree.c in Sources */ = {isa = PBXBuildFile; fileRef = 412A154B1BC6AB5B006E87A0 /* shptree.c */; };
		412A15531BC6AE12006E87A0 /* MapUtil.m in Sources */ = {isa = PBXBuildFile; fileRef = 412A15501BC6AE12006E87A0 /* MapUtil.m */; };
		412A15541BC6AE12006E87A0 /* SketchUtil.m in Sources */ = {isa = PBXBuildFile; fileRef = 412A15521BC6AE12006E87A0 /* SketchUtil.m */; };
		412A15571BC6AFC3006E87A0 /* TiandituQueryHelper.m in Sources */ = {isa = PBXBuildFile; fileRef = 412A15561BC6AFC3006E87A0 /* TiandituQueryHelper.m */; };
		412A155F1BC6AFF7006E87A0 /* WFS.m in Sources */ = {isa = PBXBuildFile; fileRef = 412A155A1BC6AFF7006E87A0 /* WFS.m */; };
		412A15601BC6AFF7006E87A0 /* GMLParser.m in Sources */ = {isa = PBXBuildFile; fileRef = 412A155C1BC6AFF7006E87A0 /* GMLParser.m */; };
		412A15611BC6AFF7006E87A0 /* OGCParser.m in Sources */ = {isa = PBXBuildFile; fileRef = 412A155E1BC6AFF7006E87A0 /* OGCParser.m */; };
		412A15651BC6B46B006E87A0 /* XMLDictionary.m in Sources */ = {isa = PBXBuildFile; fileRef = 412A15641BC6B46B006E87A0 /* XMLDictionary.m */; };
		412A15681BC6CA37006E87A0 /* tucengTableViewController.m in Sources */ = {isa = PBXBuildFile; fileRef = 412A15671BC6CA37006E87A0 /* tucengTableViewController.m */; };
		412A156B1BC6CA48006E87A0 /* fanweiTableViewController.m in Sources */ = {isa = PBXBuildFile; fileRef = 412A156A1BC6CA48006E87A0 /* fanweiTableViewController.m */; };
		412A156E1BC6CA56006E87A0 /* cengjiTableViewController.m in Sources */ = {isa = PBXBuildFile; fileRef = 412A156D1BC6CA56006E87A0 /* cengjiTableViewController.m */; };
		412B398E1BB97B1700DD9151 /* NBSpatialData.m in Sources */ = {isa = PBXBuildFile; fileRef = 412B398D1BB97B1700DD9151 /* NBSpatialData.m */; };
		413470071BBF46DA00FABEA8 /* NBSearchDetailTableViewController.m in Sources */ = {isa = PBXBuildFile; fileRef = 413470061BBF46DA00FABEA8 /* NBSearchDetailTableViewController.m */; };
		41398EE91BB45139008E9222 /* LineSearchTableViewController.m in Sources */ = {isa = PBXBuildFile; fileRef = 41398EE81BB45139008E9222 /* LineSearchTableViewController.m */; };
		413C78FC1BBAE1D3005217F3 /* NBSearchTableViewController.m in Sources */ = {isa = PBXBuildFile; fileRef = 413C78FB1BBAE1D3005217F3 /* NBSearchTableViewController.m */; };
		413C78FF1BBAE9D7005217F3 /* ResoureTableViewController.m in Sources */ = {isa = PBXBuildFile; fileRef = 413C78FE1BBAE9D7005217F3 /* ResoureTableViewController.m */; };
		413C79021BBAEEEC005217F3 /* NBDepartMent.m in Sources */ = {isa = PBXBuildFile; fileRef = 413C79011BBAEEEC005217F3 /* NBDepartMent.m */; };
		413CD51C1BC2BE480069EC23 /* NBSearchCatalog.m in Sources */ = {isa = PBXBuildFile; fileRef = 413CD51B1BC2BE480069EC23 /* NBSearchCatalog.m */; };
		413D2B9B1BD34D7600490CC2 /* NBSearchImageViewController.m in Sources */ = {isa = PBXBuildFile; fileRef = 413D2B9A1BD34D7600490CC2 /* NBSearchImageViewController.m */; };
		413D2B9E1BD34D8800490CC2 /* NBSearchVideoViewController.m in Sources */ = {isa = PBXBuildFile; fileRef = 413D2B9D1BD34D8800490CC2 /* NBSearchVideoViewController.m */; };
		413D2BA11BD3EA3E00490CC2 /* ShowResourceTypeTableViewController.m in Sources */ = {isa = PBXBuildFile; fileRef = 413D2BA01BD3EA3E00490CC2 /* ShowResourceTypeTableViewController.m */; };
		413D7DEB1BAF02CC00D972DB /* DowningCell.m in Sources */ = {isa = PBXBuildFile; fileRef = 413D7DE31BAF02CC00D972DB /* DowningCell.m */; };
		413D7DEC1BAF02CC00D972DB /* DowningCell.xib in Resources */ = {isa = PBXBuildFile; fileRef = 413D7DE41BAF02CC00D972DB /* DowningCell.xib */; };
		413D7DED1BAF02CC00D972DB /* NBDownLoadManagerViewController.m in Sources */ = {isa = PBXBuildFile; fileRef = 413D7DE51BAF02CC00D972DB /* NBDownLoadManagerViewController.m */; };
		413D7DEF1BAF02CC00D972DB /* NBDownLoadViewController.m in Sources */ = {isa = PBXBuildFile; fileRef = 413D7DE91BAF02CC00D972DB /* NBDownLoadViewController.m */; };
		413D7E0A1BAF033000D972DB /* DesEncrypt.m in Sources */ = {isa = PBXBuildFile; fileRef = 413D7E061BAF033000D972DB /* DesEncrypt.m */; };
		413D7E0B1BAF033000D972DB /* GTMBase64.m in Sources */ = {isa = PBXBuildFile; fileRef = 413D7E081BAF033000D972DB /* GTMBase64.m */; };
		413D7E0F1BAF049F00D972DB /* NBTpk.m in Sources */ = {isa = PBXBuildFile; fileRef = 413D7E0E1BAF049F00D972DB /* NBTpk.m */; };
		413D7E121BAF04B900D972DB /* Utility.m in Sources */ = {isa = PBXBuildFile; fileRef = 413D7E111BAF04B900D972DB /* Utility.m */; };
		413D7E1F1BAF068C00D972DB /* CoreDataManager.m in Sources */ = {isa = PBXBuildFile; fileRef = 413D7E141BAF068C00D972DB /* CoreDataManager.m */; };
		413D7E201BAF068C00D972DB /* DownloadItem.m in Sources */ = {isa = PBXBuildFile; fileRef = 413D7E171BAF068C00D972DB /* DownloadItem.m */; };
		413D7E211BAF068C00D972DB /* DownloadItemEntity.m in Sources */ = {isa = PBXBuildFile; fileRef = 413D7E191BAF068C00D972DB /* DownloadItemEntity.m */; };
		413D7E221BAF068C00D972DB /* DownloadManager.m in Sources */ = {isa = PBXBuildFile; fileRef = 413D7E1B1BAF068C00D972DB /* DownloadManager.m */; };
		413D7E231BAF068C00D972DB /* DownloadStoreManager.m in Sources */ = {isa = PBXBuildFile; fileRef = 413D7E1D1BAF068C00D972DB /* DownloadStoreManager.m */; };
		413D7E241BAF068C00D972DB /* DwonloadModel.xcdatamodel in Sources */ = {isa = PBXBuildFile; fileRef = 413D7E1E1BAF068C00D972DB /* DwonloadModel.xcdatamodel */; };
		413D7E2A1BAF08ED00D972DB /* dataHttpManager.m in Sources */ = {isa = PBXBuildFile; fileRef = 413D7E291BAF08ED00D972DB /* dataHttpManager.m */; };
		413D7E331BAF096400D972DB /* XMLReader.m in Sources */ = {isa = PBXBuildFile; fileRef = 413D7E321BAF096400D972DB /* XMLReader.m */; };
		41421D981B9DD67B000DDFAF /* AssetsLibrary.framework in Frameworks */ = {isa = PBXBuildFile; fileRef = 41421D971B9DD67B000DDFAF /* AssetsLibrary.framework */; };
		41421D9A1B9DD682000DDFAF /* AVFoundation.framework in Frameworks */ = {isa = PBXBuildFile; fileRef = 41421D991B9DD682000DDFAF /* AVFoundation.framework */; };
		41421D9C1B9DD688000DDFAF /* AudioToolbox.framework in Frameworks */ = {isa = PBXBuildFile; fileRef = 41421D9B1B9DD688000DDFAF /* AudioToolbox.framework */; };
		41421D9E1B9DD68F000DDFAF /* AddressBook.framework in Frameworks */ = {isa = PBXBuildFile; fileRef = 41421D9D1B9DD68F000DDFAF /* AddressBook.framework */; };
		41421DA01B9DD697000DDFAF /* AdSupport.framework in Frameworks */ = {isa = PBXBuildFile; fileRef = 41421D9F1B9DD697000DDFAF /* AdSupport.framework */; };
		41421DA21B9DD6A3000DDFAF /* libstdc++.6.0.9.dylib in Frameworks */ = {isa = PBXBuildFile; fileRef = 41421DA11B9DD6A3000DDFAF /* libstdc++.6.0.9.dylib */; };
		41421DA61B9DD6B9000DDFAF /* CFNetwork.framework in Frameworks */ = {isa = PBXBuildFile; fileRef = 41421DA51B9DD6B9000DDFAF /* CFNetwork.framework */; };
		41421DA81B9DD6BF000DDFAF /* Foundation.framework in Frameworks */ = {isa = PBXBuildFile; fileRef = 41421DA71B9DD6BF000DDFAF /* Foundation.framework */; };
		41421DAA1B9DD6D6000DDFAF /* UIKit.framework in Frameworks */ = {isa = PBXBuildFile; fileRef = 41421DA91B9DD6D6000DDFAF /* UIKit.framework */; };
		41421DAC1B9DD6E4000DDFAF /* CoreGraphics.framework in Frameworks */ = {isa = PBXBuildFile; fileRef = 41421DAB1B9DD6E4000DDFAF /* CoreGraphics.framework */; };
		41421DAE1B9DD6EE000DDFAF /* CoreData.framework in Frameworks */ = {isa = PBXBuildFile; fileRef = 41421DAD1B9DD6EE000DDFAF /* CoreData.framework */; };
		41421DB01B9DD6F8000DDFAF /* SystemConfiguration.framework in Frameworks */ = {isa = PBXBuildFile; fileRef = 41421DAF1B9DD6F8000DDFAF /* SystemConfiguration.framework */; };
		41421DB21B9DD700000DDFAF /* Security.framework in Frameworks */ = {isa = PBXBuildFile; fileRef = 41421DB11B9DD700000DDFAF /* Security.framework */; };
		41421DB61B9DD713000DDFAF /* CoreText.framework in Frameworks */ = {isa = PBXBuildFile; fileRef = 41421DB51B9DD713000DDFAF /* CoreText.framework */; };
		41421DB81B9DD71A000DDFAF /* CoreLocation.framework in Frameworks */ = {isa = PBXBuildFile; fileRef = 41421DB71B9DD71A000DDFAF /* CoreLocation.framework */; };
		41421DBA1B9DD724000DDFAF /* QuartzCore.framework in Frameworks */ = {isa = PBXBuildFile; fileRef = 41421DB91B9DD724000DDFAF /* QuartzCore.framework */; };
		41421DBC1B9DD72F000DDFAF /* MediaPlayer.framework in Frameworks */ = {isa = PBXBuildFile; fileRef = 41421DBB1B9DD72F000DDFAF /* MediaPlayer.framework */; };
		41421DBE1B9DD73B000DDFAF /* libz.dylib in Frameworks */ = {isa = PBXBuildFile; fileRef = 41421DBD1B9DD73B000DDFAF /* libz.dylib */; };
		41421DC01B9DD743000DDFAF /* MobileCoreServices.framework in Frameworks */ = {isa = PBXBuildFile; fileRef = 41421DBF1B9DD743000DDFAF /* MobileCoreServices.framework */; };
		41421DC71B9DD7F3000DDFAF /* Default-568h@2x.png in Resources */ = {isa = PBXBuildFile; fileRef = 41421DC41B9DD7F3000DDFAF /* Default-568h@2x.png */; };
		41421DC81B9DD7F3000DDFAF /* Default.png in Resources */ = {isa = PBXBuildFile; fileRef = 41421DC51B9DD7F3000DDFAF /* Default.png */; };
		41421DC91B9DD7F3000DDFAF /* Default@2x.png in Resources */ = {isa = PBXBuildFile; fileRef = 41421DC61B9DD7F3000DDFAF /* Default@2x.png */; };
		41533EF41BBDE543006C7D55 /* NBGovment.m in Sources */ = {isa = PBXBuildFile; fileRef = 41533EF31BBDE543006C7D55 /* NBGovment.m */; };
		41533EF71BBDED96006C7D55 /* ResoureDetailTableViewController.m in Sources */ = {isa = PBXBuildFile; fileRef = 41533EF61BBDED96006C7D55 /* ResoureDetailTableViewController.m */; };
		41533EFA1BBDF47E006C7D55 /* NBSearch.m in Sources */ = {isa = PBXBuildFile; fileRef = 41533EF91BBDF47E006C7D55 /* NBSearch.m */; };
		415A61101BADADFD001FA3FB /* RATreeCell.xib in Resources */ = {isa = PBXBuildFile; fileRef = 415A610B1BADADFD001FA3FB /* RATreeCell.xib */; };
		415A612D1BADB4C9001FA3FB /* RATreeView.m in Sources */ = {isa = PBXBuildFile; fileRef = 415A611A1BADB4C9001FA3FB /* RATreeView.m */; };
		415A612E1BADB4C9001FA3FB /* RATreeView+TableViewDelegate.m in Sources */ = {isa = PBXBuildFile; fileRef = 415A611C1BADB4C9001FA3FB /* RATreeView+TableViewDelegate.m */; };
		415A612F1BADB4C9001FA3FB /* RATreeView+TableViewDataSource.m in Sources */ = {isa = PBXBuildFile; fileRef = 415A611E1BADB4C9001FA3FB /* RATreeView+TableViewDataSource.m */; };
		415A61301BADB4C9001FA3FB /* RATreeView+Private.m in Sources */ = {isa = PBXBuildFile; fileRef = 415A61201BADB4C9001FA3FB /* RATreeView+Private.m */; };
		415A61311BADB4C9001FA3FB /* RATreeView+Enums.m in Sources */ = {isa = PBXBuildFile; fileRef = 415A61221BADB4C9001FA3FB /* RATreeView+Enums.m */; };
		415A61321BADB4C9001FA3FB /* RATreeView+UIScrollView.m in Sources */ = {isa = PBXBuildFile; fileRef = 415A61241BADB4C9001FA3FB /* RATreeView+UIScrollView.m */; };
		415A61331BADB4C9001FA3FB /* RATreeNode.m in Sources */ = {isa = PBXBuildFile; fileRef = 415A61261BADB4C9001FA3FB /* RATreeNode.m */; };
		415A61341BADB4C9001FA3FB /* RATreeNodeCollectionController.m in Sources */ = {isa = PBXBuildFile; fileRef = 415A61281BADB4C9001FA3FB /* RATreeNodeCollectionController.m */; };
		415A61351BADB4C9001FA3FB /* RATreeNodeInfo.m in Sources */ = {isa = PBXBuildFile; fileRef = 415A612A1BADB4C9001FA3FB /* RATreeNodeInfo.m */; };
		415A61361BADB4C9001FA3FB /* RATreeNodeInfo+Private.m in Sources */ = {isa = PBXBuildFile; fileRef = 415A612C1BADB4C9001FA3FB /* RATreeNodeInfo+Private.m */; };
		415A613B1BADB4E8001FA3FB /* RADataObject.m in Sources */ = {isa = PBXBuildFile; fileRef = 415A61381BADB4E8001FA3FB /* RADataObject.m */; };
		415A613C1BADB4E8001FA3FB /* RAViewController.m in Sources */ = {isa = PBXBuildFile; fileRef = 415A613A1BADB4E8001FA3FB /* RAViewController.m */; };
		415A61401BADB7BE001FA3FB /* RATreeCell.m in Sources */ = {isa = PBXBuildFile; fileRef = 415A613E1BADB7BE001FA3FB /* RATreeCell.m */; };
		415CA73E1BC7D0EA003D8347 /* DBDraws.m in Sources */ = {isa = PBXBuildFile; fileRef = 415CA73D1BC7D0EA003D8347 /* DBDraws.m */; };
		415CA7411BC7D23C003D8347 /* Draw.m in Sources */ = {isa = PBXBuildFile; fileRef = 415CA7401BC7D23C003D8347 /* Draw.m */; };
		415CA7451BC80A9A003D8347 /* myDrawTableViewController.m in Sources */ = {isa = PBXBuildFile; fileRef = 415CA7441BC80A9A003D8347 /* myDrawTableViewController.m */; };
		415CA7481BC80FDB003D8347 /* myDrawTableViewCell.m in Sources */ = {isa = PBXBuildFile; fileRef = 415CA7471BC80FDB003D8347 /* myDrawTableViewCell.m */; };
		415F5E7E1BCAB08C009C0AAA /* mapViewController.m in Sources */ = {isa = PBXBuildFile; fileRef = 415F5E7D1BCAB08C009C0AAA /* mapViewController.m */; };
		4162525E1BA92A33002DB58D /* libxml2.2.dylib in Frameworks */ = {isa = PBXBuildFile; fileRef = 4162525D1BA92A33002DB58D /* libxml2.2.dylib */; };
		416252601BA92BFC002DB58D /* ArcGIS.framework in Frameworks */ = {isa = PBXBuildFile; fileRef = 4162525F1BA92BFC002DB58D /* ArcGIS.framework */; };
		41750E1E1BD2903000A99384 /* NBSearchCatalogDetailTableViewController.m in Sources */ = {isa = PBXBuildFile; fileRef = 41750E1D1BD2903000A99384 /* NBSearchCatalogDetailTableViewController.m */; };
		41750E211BD2978500A99384 /* LayersManagerTableViewController.m in Sources */ = {isa = PBXBuildFile; fileRef = 41750E201BD2978500A99384 /* LayersManagerTableViewController.m */; };
		41750E241BD2ACAF00A99384 /* DrawSearchDetailTableViewController.m in Sources */ = {isa = PBXBuildFile; fileRef = 41750E231BD2ACAF00A99384 /* DrawSearchDetailTableViewController.m */; };
		417DC3651BA9C5D500FA4394 /* Main.storyboard in Resources */ = {isa = PBXBuildFile; fileRef = 417DC3641BA9C5D500FA4394 /* Main.storyboard */; };
		417DC3681BA9C69E00FA4394 /* ViewController.m in Sources */ = {isa = PBXBuildFile; fileRef = 417DC3671BA9C69E00FA4394 /* ViewController.m */; };
		41B9534E1BB598E200FE6F35 /* CanvasView.m in Sources */ = {isa = PBXBuildFile; fileRef = 41B9534C1BB598E200FE6F35 /* CanvasView.m */; };
		41C735591BDD13F800E01B84 /* NBRoute.m in Sources */ = {isa = PBXBuildFile; fileRef = 41C735561BDD13F800E01B84 /* NBRoute.m */; };
		41C7355A1BDD13F800E01B84 /* NBRouteItem.m in Sources */ = {isa = PBXBuildFile; fileRef = 41C735581BDD13F800E01B84 /* NBRouteItem.m */; };
		41C7355D1BDD163500E01B84 /* NBSimpleRoute.m in Sources */ = {isa = PBXBuildFile; fileRef = 41C7355C1BDD163500E01B84 /* NBSimpleRoute.m */; };
		41E425D61BA8694D009C0581 /* TianDiTuWMTSLayer.m in Sources */ = {isa = PBXBuildFile; fileRef = 41E425CF1BA8694D009C0581 /* TianDiTuWMTSLayer.m */; };
		41E425D71BA8694D009C0581 /* TianDiTuWMTSLayerInfo.m in Sources */ = {isa = PBXBuildFile; fileRef = 41E425D11BA8694D009C0581 /* TianDiTuWMTSLayerInfo.m */; };
		41E425D81BA8694D009C0581 /* TianDiTuWMTSLayerInfoDelegate.m in Sources */ = {isa = PBXBuildFile; fileRef = 41E425D31BA8694D009C0581 /* TianDiTuWMTSLayerInfoDelegate.m */; };
		41E425D91BA8694D009C0581 /* TianDiTuWMTSTileOperation.m in Sources */ = {isa = PBXBuildFile; fileRef = 41E425D51BA8694D009C0581 /* TianDiTuWMTSTileOperation.m */; };
		41E425DD1BA869B2009C0581 /* NSConfigData.m in Sources */ = {isa = PBXBuildFile; fileRef = 41E425DC1BA869B2009C0581 /* NSConfigData.m */; };
		41E425E01BA86A56009C0581 /* NSConvert.m in Sources */ = {isa = PBXBuildFile; fileRef = 41E425DF1BA86A56009C0581 /* NSConvert.m */; };
		41E425E31BA86AAC009C0581 /* TianDiTuData.m in Sources */ = {isa = PBXBuildFile; fileRef = 41E425E21BA86AAC009C0581 /* TianDiTuData.m */; };
		41E425E71BA86B26009C0581 /* esriView.m in Sources */ = {isa = PBXBuildFile; fileRef = 41E425E51BA86B26009C0581 /* esriView.m */; };
		41E425E81BA86B26009C0581 /* esriView.xib in Resources */ = {isa = PBXBuildFile; fileRef = 41E425E61BA86B26009C0581 /* esriView.xib */; };
		41E425EB1BA86B7A009C0581 /* QueryParams.m in Sources */ = {isa = PBXBuildFile; fileRef = 41E425EA1BA86B7A009C0581 /* QueryParams.m */; };
		41E425ED1BA86CBE009C0581 /* libsqlite3.0.dylib in Frameworks */ = {isa = PBXBuildFile; fileRef = 41E425EC1BA86CBE009C0581 /* libsqlite3.0.dylib */; };
		FC6AA8D2199BA047EA9E2C58 /* libPods-hzch.a in Frameworks */ = {isa = PBXBuildFile; fileRef = D1ADE15DC029A9099ED92F72 /* libPods-hzch.a */; };
/* End PBXBuildFile section */

/* Begin PBXFileReference section */
		3FA55E223829CAB96C6F7376 /* Pods-hzch.release.xcconfig */ = {isa = PBXFileReference; includeInIndex = 1; lastKnownFileType = text.xcconfig; name = "Pods-hzch.release.xcconfig"; path = "Pods/Target Support Files/Pods-hzch/Pods-hzch.release.xcconfig"; sourceTree = "<group>"; };
		410555EC1B9C729400B208E8 /* hzch.app */ = {isa = PBXFileReference; explicitFileType = wrapper.application; includeInIndex = 0; path = hzch.app; sourceTree = BUILT_PRODUCTS_DIR; };
		410555F01B9C729400B208E8 /* Info.plist */ = {isa = PBXFileReference; lastKnownFileType = text.plist.xml; path = Info.plist; sourceTree = "<group>"; };
		410555F11B9C729400B208E8 /* main.mm */ = {isa = PBXFileReference; explicitFileType = sourcecode.cpp.objcpp; path = main.mm; sourceTree = "<group>"; };
		410555F31B9C729400B208E8 /* AppDelegate.h */ = {isa = PBXFileReference; lastKnownFileType = sourcecode.c.h; path = AppDelegate.h; sourceTree = "<group>"; };
		410555F41B9C729400B208E8 /* AppDelegate.m */ = {isa = PBXFileReference; lastKnownFileType = sourcecode.c.objc; path = AppDelegate.m; sourceTree = "<group>"; };
		410556021B9C729400B208E8 /* Base */ = {isa = PBXFileReference; lastKnownFileType = file.xib; name = Base; path = Base.lproj/LaunchScreen.xib; sourceTree = "<group>"; };
		4106DFDC1BA1D68200EF997D /* PrefixHeader.pch */ = {isa = PBXFileReference; fileEncoding = 4; lastKnownFileType = sourcecode.c.h; path = PrefixHeader.pch; sourceTree = "<group>"; };
		4106DFEA1BA1D7A900EF997D /* StringUtil.h */ = {isa = PBXFileReference; fileEncoding = 4; lastKnownFileType = sourcecode.c.h; path = StringUtil.h; sourceTree = "<group>"; };
		4106DFEB1BA1D7A900EF997D /* StringUtil.m */ = {isa = PBXFileReference; fileEncoding = 4; lastKnownFileType = sourcecode.c.objc; path = StringUtil.m; sourceTree = "<group>"; };
		4106DFEE1BA1D7A900EF997D /* NSDataAdditions.h */ = {isa = PBXFileReference; fileEncoding = 4; lastKnownFileType = sourcecode.c.h; path = NSDataAdditions.h; sourceTree = "<group>"; };
		4106DFEF1BA1D7A900EF997D /* NSDataAdditions.m */ = {isa = PBXFileReference; fileEncoding = 4; lastKnownFileType = sourcecode.c.objc; path = NSDataAdditions.m; sourceTree = "<group>"; };
		4106DFF01BA1D7A900EF997D /* NSDictionaryAdditions.h */ = {isa = PBXFileReference; fileEncoding = 4; lastKnownFileType = sourcecode.c.h; path = NSDictionaryAdditions.h; sourceTree = "<group>"; };
		4106DFF11BA1D7A900EF997D /* NSDictionaryAdditions.m */ = {isa = PBXFileReference; fileEncoding = 4; lastKnownFileType = sourcecode.c.objc; path = NSDictionaryAdditions.m; sourceTree = "<group>"; };
		4106DFF21BA1D7A900EF997D /* CLLocation+Sino.h */ = {isa = PBXFileReference; fileEncoding = 4; lastKnownFileType = sourcecode.c.h; path = "CLLocation+Sino.h"; sourceTree = "<group>"; };
		4106DFF31BA1D7A900EF997D /* CLLocation+Sino.m */ = {isa = PBXFileReference; fileEncoding = 4; lastKnownFileType = sourcecode.c.objc; path = "CLLocation+Sino.m"; sourceTree = "<group>"; };
		410A3ABD1BAB041B0025206E /* SetTableViewController.h */ = {isa = PBXFileReference; fileEncoding = 4; lastKnownFileType = sourcecode.c.h; path = SetTableViewController.h; sourceTree = "<group>"; };
		410A3ABE1BAB041B0025206E /* SetTableViewController.m */ = {isa = PBXFileReference; fileEncoding = 4; lastKnownFileType = sourcecode.c.objc; path = SetTableViewController.m; sourceTree = "<group>"; };
		410A3AC31BAB13830025206E /* image.xcassets */ = {isa = PBXFileReference; lastKnownFileType = folder.assetcatalog; path = image.xcassets; sourceTree = "<group>"; };
		412A15161BC68A8D006E87A0 /* cacheTableViewController.h */ = {isa = PBXFileReference; fileEncoding = 4; lastKnownFileType = sourcecode.c.h; path = cacheTableViewController.h; sourceTree = "<group>"; };
		412A15171BC68A8D006E87A0 /* cacheTableViewController.m */ = {isa = PBXFileReference; fileEncoding = 4; lastKnownFileType = sourcecode.c.objc; path = cacheTableViewController.m; sourceTree = "<group>"; };
		412A15191BC68AEB006E87A0 /* addCacheTableViewController.h */ = {isa = PBXFileReference; fileEncoding = 4; lastKnownFileType = sourcecode.c.h; path = addCacheTableViewController.h; sourceTree = "<group>"; };
		412A151A1BC68AEB006E87A0 /* addCacheTableViewController.m */ = {isa = PBXFileReference; fileEncoding = 4; lastKnownFileType = sourcecode.c.objc; path = addCacheTableViewController.m; sourceTree = "<group>"; };
		412A151D1BC69318006E87A0 /* ActionSheetPicker.h */ = {isa = PBXFileReference; fileEncoding = 4; lastKnownFileType = sourcecode.c.h; path = ActionSheetPicker.h; sourceTree = "<group>"; };
		412A151E1BC69318006E87A0 /* AbstractActionSheetPicker.h */ = {isa = PBXFileReference; fileEncoding = 4; lastKnownFileType = sourcecode.c.h; path = AbstractActionSheetPicker.h; sourceTree = "<group>"; };
		412A151F1BC69318006E87A0 /* AbstractActionSheetPicker.m */ = {isa = PBXFileReference; fileEncoding = 4; lastKnownFileType = sourcecode.c.objc; path = AbstractActionSheetPicker.m; sourceTree = "<group>"; };
		412A15201BC69318006E87A0 /* ActionSheetCustomPicker.h */ = {isa = PBXFileReference; fileEncoding = 4; lastKnownFileType = sourcecode.c.h; path = ActionSheetCustomPicker.h; sourceTree = "<group>"; };
		412A15211BC69318006E87A0 /* ActionSheetCustomPicker.m */ = {isa = PBXFileReference; fileEncoding = 4; lastKnownFileType = sourcecode.c.objc; path = ActionSheetCustomPicker.m; sourceTree = "<group>"; };
		412A15221BC69318006E87A0 /* ActionSheetCustomPickerDelegate.h */ = {isa = PBXFileReference; fileEncoding = 4; lastKnownFileType = sourcecode.c.h; path = ActionSheetCustomPickerDelegate.h; sourceTree = "<group>"; };
		412A15231BC69318006E87A0 /* ActionSheetDatePicker.h */ = {isa = PBXFileReference; fileEncoding = 4; lastKnownFileType = sourcecode.c.h; path = ActionSheetDatePicker.h; sourceTree = "<group>"; };
		412A15241BC69318006E87A0 /* ActionSheetDatePicker.m */ = {isa = PBXFileReference; fileEncoding = 4; lastKnownFileType = sourcecode.c.objc; path = ActionSheetDatePicker.m; sourceTree = "<group>"; };
		412A15251BC69318006E87A0 /* ActionSheetDistancePicker.h */ = {isa = PBXFileReference; fileEncoding = 4; lastKnownFileType = sourcecode.c.h; path = ActionSheetDistancePicker.h; sourceTree = "<group>"; };
		412A15261BC69318006E87A0 /* ActionSheetDistancePicker.m */ = {isa = PBXFileReference; fileEncoding = 4; lastKnownFileType = sourcecode.c.objc; path = ActionSheetDistancePicker.m; sourceTree = "<group>"; };
		412A15271BC69318006E87A0 /* ActionSheetStringPicker.h */ = {isa = PBXFileReference; fileEncoding = 4; lastKnownFileType = sourcecode.c.h; path = ActionSheetStringPicker.h; sourceTree = "<group>"; };
		412A15281BC69318006E87A0 /* ActionSheetStringPicker.m */ = {isa = PBXFileReference; fileEncoding = 4; lastKnownFileType = sourcecode.c.objc; path = ActionSheetStringPicker.m; sourceTree = "<group>"; };
		412A15291BC69318006E87A0 /* DistancePickerView.h */ = {isa = PBXFileReference; fileEncoding = 4; lastKnownFileType = sourcecode.c.h; path = DistancePickerView.h; sourceTree = "<group>"; };
		412A152A1BC69318006E87A0 /* DistancePickerView.m */ = {isa = PBXFileReference; fileEncoding = 4; lastKnownFileType = sourcecode.c.objc; path = DistancePickerView.m; sourceTree = "<group>"; };
		412A15331BC6A7F4006E87A0 /* ShpHelper.h */ = {isa = PBXFileReference; fileEncoding = 4; lastKnownFileType = sourcecode.c.h; path = ShpHelper.h; sourceTree = "<group>"; };
		412A15341BC6A7F4006E87A0 /* ShpHelper.m */ = {isa = PBXFileReference; fileEncoding = 4; lastKnownFileType = sourcecode.c.objc; path = ShpHelper.m; sourceTree = "<group>"; };
		412A15481BC6AB5B006E87A0 /* dbfopen.c */ = {isa = PBXFileReference; fileEncoding = 4; lastKnownFileType = sourcecode.c.c; name = dbfopen.c; path = "shapelib-1.2.10/dbfopen.c"; sourceTree = "<group>"; };
		412A15491BC6AB5B006E87A0 /* shapefil.h */ = {isa = PBXFileReference; fileEncoding = 4; lastKnownFileType = sourcecode.c.h; name = shapefil.h; path = "shapelib-1.2.10/shapefil.h"; sourceTree = "<group>"; };
		412A154A1BC6AB5B006E87A0 /* shpopen.c */ = {isa = PBXFileReference; fileEncoding = 4; lastKnownFileType = sourcecode.c.c; name = shpopen.c; path = "shapelib-1.2.10/shpopen.c"; sourceTree = "<group>"; };
		412A154B1BC6AB5B006E87A0 /* shptree.c */ = {isa = PBXFileReference; fileEncoding = 4; lastKnownFileType = sourcecode.c.c; name = shptree.c; path = "shapelib-1.2.10/shptree.c"; sourceTree = "<group>"; };
		412A154F1BC6AE12006E87A0 /* MapUtil.h */ = {isa = PBXFileReference; fileEncoding = 4; lastKnownFileType = sourcecode.c.h; path = MapUtil.h; sourceTree = "<group>"; };
		412A15501BC6AE12006E87A0 /* MapUtil.m */ = {isa = PBXFileReference; fileEncoding = 4; lastKnownFileType = sourcecode.c.objc; path = MapUtil.m; sourceTree = "<group>"; };
		412A15511BC6AE12006E87A0 /* SketchUtil.h */ = {isa = PBXFileReference; fileEncoding = 4; lastKnownFileType = sourcecode.c.h; path = SketchUtil.h; sourceTree = "<group>"; };
		412A15521BC6AE12006E87A0 /* SketchUtil.m */ = {isa = PBXFileReference; fileEncoding = 4; lastKnownFileType = sourcecode.c.objc; path = SketchUtil.m; sourceTree = "<group>"; };
		412A15551BC6AFC3006E87A0 /* TiandituQueryHelper.h */ = {isa = PBXFileReference; fileEncoding = 4; lastKnownFileType = sourcecode.c.h; path = TiandituQueryHelper.h; sourceTree = "<group>"; };
		412A15561BC6AFC3006E87A0 /* TiandituQueryHelper.m */ = {isa = PBXFileReference; fileEncoding = 4; lastKnownFileType = sourcecode.c.objc; path = TiandituQueryHelper.m; sourceTree = "<group>"; };
		412A15591BC6AFF7006E87A0 /* WFS.h */ = {isa = PBXFileReference; fileEncoding = 4; lastKnownFileType = sourcecode.c.h; path = WFS.h; sourceTree = "<group>"; };
		412A155A1BC6AFF7006E87A0 /* WFS.m */ = {isa = PBXFileReference; fileEncoding = 4; lastKnownFileType = sourcecode.c.objc; path = WFS.m; sourceTree = "<group>"; };
		412A155B1BC6AFF7006E87A0 /* GMLParser.h */ = {isa = PBXFileReference; fileEncoding = 4; lastKnownFileType = sourcecode.c.h; path = GMLParser.h; sourceTree = "<group>"; };
		412A155C1BC6AFF7006E87A0 /* GMLParser.m */ = {isa = PBXFileReference; fileEncoding = 4; lastKnownFileType = sourcecode.c.objc; path = GMLParser.m; sourceTree = "<group>"; };
		412A155D1BC6AFF7006E87A0 /* OGCParser.h */ = {isa = PBXFileReference; fileEncoding = 4; lastKnownFileType = sourcecode.c.h; path = OGCParser.h; sourceTree = "<group>"; };
		412A155E1BC6AFF7006E87A0 /* OGCParser.m */ = {isa = PBXFileReference; fileEncoding = 4; lastKnownFileType = sourcecode.c.objc; path = OGCParser.m; sourceTree = "<group>"; };
		412A15631BC6B46B006E87A0 /* XMLDictionary.h */ = {isa = PBXFileReference; fileEncoding = 4; lastKnownFileType = sourcecode.c.h; path = XMLDictionary.h; sourceTree = "<group>"; };
		412A15641BC6B46B006E87A0 /* XMLDictionary.m */ = {isa = PBXFileReference; fileEncoding = 4; lastKnownFileType = sourcecode.c.objc; path = XMLDictionary.m; sourceTree = "<group>"; };
		412A15661BC6CA37006E87A0 /* tucengTableViewController.h */ = {isa = PBXFileReference; fileEncoding = 4; lastKnownFileType = sourcecode.c.h; path = tucengTableViewController.h; sourceTree = "<group>"; };
		412A15671BC6CA37006E87A0 /* tucengTableViewController.m */ = {isa = PBXFileReference; fileEncoding = 4; lastKnownFileType = sourcecode.c.objc; path = tucengTableViewController.m; sourceTree = "<group>"; };
		412A15691BC6CA48006E87A0 /* fanweiTableViewController.h */ = {isa = PBXFileReference; fileEncoding = 4; lastKnownFileType = sourcecode.c.h; path = fanweiTableViewController.h; sourceTree = "<group>"; };
		412A156A1BC6CA48006E87A0 /* fanweiTableViewController.m */ = {isa = PBXFileReference; fileEncoding = 4; lastKnownFileType = sourcecode.c.objc; path = fanweiTableViewController.m; sourceTree = "<group>"; };
		412A156C1BC6CA56006E87A0 /* cengjiTableViewController.h */ = {isa = PBXFileReference; fileEncoding = 4; lastKnownFileType = sourcecode.c.h; path = cengjiTableViewController.h; sourceTree = "<group>"; };
		412A156D1BC6CA56006E87A0 /* cengjiTableViewController.m */ = {isa = PBXFileReference; fileEncoding = 4; lastKnownFileType = sourcecode.c.objc; path = cengjiTableViewController.m; sourceTree = "<group>"; };
		412B398C1BB97B1700DD9151 /* NBSpatialData.h */ = {isa = PBXFileReference; fileEncoding = 4; lastKnownFileType = sourcecode.c.h; path = NBSpatialData.h; sourceTree = "<group>"; };
		412B398D1BB97B1700DD9151 /* NBSpatialData.m */ = {isa = PBXFileReference; fileEncoding = 4; lastKnownFileType = sourcecode.c.objc; path = NBSpatialData.m; sourceTree = "<group>"; };
		413470051BBF46DA00FABEA8 /* NBSearchDetailTableViewController.h */ = {isa = PBXFileReference; fileEncoding = 4; lastKnownFileType = sourcecode.c.h; path = NBSearchDetailTableViewController.h; sourceTree = "<group>"; };
		413470061BBF46DA00FABEA8 /* NBSearchDetailTableViewController.m */ = {isa = PBXFileReference; fileEncoding = 4; lastKnownFileType = sourcecode.c.objc; path = NBSearchDetailTableViewController.m; sourceTree = "<group>"; };
		41398EE71BB45139008E9222 /* LineSearchTableViewController.h */ = {isa = PBXFileReference; fileEncoding = 4; lastKnownFileType = sourcecode.c.h; path = LineSearchTableViewController.h; sourceTree = "<group>"; };
		41398EE81BB45139008E9222 /* LineSearchTableViewController.m */ = {isa = PBXFileReference; fileEncoding = 4; lastKnownFileType = sourcecode.c.objc; path = LineSearchTableViewController.m; sourceTree = "<group>"; };
		413C78FA1BBAE1D3005217F3 /* NBSearchTableViewController.h */ = {isa = PBXFileReference; fileEncoding = 4; lastKnownFileType = sourcecode.c.h; path = NBSearchTableViewController.h; sourceTree = "<group>"; };
		413C78FB1BBAE1D3005217F3 /* NBSearchTableViewController.m */ = {isa = PBXFileReference; fileEncoding = 4; lastKnownFileType = sourcecode.c.objc; path = NBSearchTableViewController.m; sourceTree = "<group>"; };
		413C78FD1BBAE9D7005217F3 /* ResoureTableViewController.h */ = {isa = PBXFileReference; fileEncoding = 4; lastKnownFileType = sourcecode.c.h; path = ResoureTableViewController.h; sourceTree = "<group>"; };
		413C78FE1BBAE9D7005217F3 /* ResoureTableViewController.m */ = {isa = PBXFileReference; fileEncoding = 4; lastKnownFileType = sourcecode.c.objc; path = ResoureTableViewController.m; sourceTree = "<group>"; };
		413C79001BBAEEEC005217F3 /* NBDepartMent.h */ = {isa = PBXFileReference; fileEncoding = 4; lastKnownFileType = sourcecode.c.h; path = NBDepartMent.h; sourceTree = "<group>"; };
		413C79011BBAEEEC005217F3 /* NBDepartMent.m */ = {isa = PBXFileReference; fileEncoding = 4; lastKnownFileType = sourcecode.c.objc; path = NBDepartMent.m; sourceTree = "<group>"; };
		413CD51A1BC2BE480069EC23 /* NBSearchCatalog.h */ = {isa = PBXFileReference; fileEncoding = 4; lastKnownFileType = sourcecode.c.h; path = NBSearchCatalog.h; sourceTree = "<group>"; };
		413CD51B1BC2BE480069EC23 /* NBSearchCatalog.m */ = {isa = PBXFileReference; fileEncoding = 4; lastKnownFileType = sourcecode.c.objc; path = NBSearchCatalog.m; sourceTree = "<group>"; };
		413D2B991BD34D7600490CC2 /* NBSearchImageViewController.h */ = {isa = PBXFileReference; fileEncoding = 4; lastKnownFileType = sourcecode.c.h; path = NBSearchImageViewController.h; sourceTree = "<group>"; };
		413D2B9A1BD34D7600490CC2 /* NBSearchImageViewController.m */ = {isa = PBXFileReference; fileEncoding = 4; lastKnownFileType = sourcecode.c.objc; path = NBSearchImageViewController.m; sourceTree = "<group>"; };
		413D2B9C1BD34D8800490CC2 /* NBSearchVideoViewController.h */ = {isa = PBXFileReference; fileEncoding = 4; lastKnownFileType = sourcecode.c.h; path = NBSearchVideoViewController.h; sourceTree = "<group>"; };
		413D2B9D1BD34D8800490CC2 /* NBSearchVideoViewController.m */ = {isa = PBXFileReference; fileEncoding = 4; lastKnownFileType = sourcecode.c.objc; path = NBSearchVideoViewController.m; sourceTree = "<group>"; };
		413D2B9F1BD3EA3E00490CC2 /* ShowResourceTypeTableViewController.h */ = {isa = PBXFileReference; fileEncoding = 4; lastKnownFileType = sourcecode.c.h; path = ShowResourceTypeTableViewController.h; sourceTree = "<group>"; };
		413D2BA01BD3EA3E00490CC2 /* ShowResourceTypeTableViewController.m */ = {isa = PBXFileReference; fileEncoding = 4; lastKnownFileType = sourcecode.c.objc; path = ShowResourceTypeTableViewController.m; sourceTree = "<group>"; };
		413D7DE21BAF02CC00D972DB /* DowningCell.h */ = {isa = PBXFileReference; fileEncoding = 4; lastKnownFileType = sourcecode.c.h; path = DowningCell.h; sourceTree = "<group>"; };
		413D7DE31BAF02CC00D972DB /* DowningCell.m */ = {isa = PBXFileReference; fileEncoding = 4; lastKnownFileType = sourcecode.c.objc; path = DowningCell.m; sourceTree = "<group>"; };
		413D7DE41BAF02CC00D972DB /* DowningCell.xib */ = {isa = PBXFileReference; fileEncoding = 4; lastKnownFileType = file.xib; path = DowningCell.xib; sourceTree = "<group>"; };
		413D7DE51BAF02CC00D972DB /* NBDownLoadManagerViewController.m */ = {isa = PBXFileReference; fileEncoding = 4; lastKnownFileType = sourcecode.c.objc; path = NBDownLoadManagerViewController.m; sourceTree = "<group>"; };
		413D7DE61BAF02CC00D972DB /* NBDownLoadManagerViewController.h */ = {isa = PBXFileReference; fileEncoding = 4; lastKnownFileType = sourcecode.c.h; path = NBDownLoadManagerViewController.h; sourceTree = "<group>"; };
		413D7DE81BAF02CC00D972DB /* NBDownLoadViewController.h */ = {isa = PBXFileReference; fileEncoding = 4; lastKnownFileType = sourcecode.c.h; path = NBDownLoadViewController.h; sourceTree = "<group>"; };
		413D7DE91BAF02CC00D972DB /* NBDownLoadViewController.m */ = {isa = PBXFileReference; fileEncoding = 4; lastKnownFileType = sourcecode.c.objc; path = NBDownLoadViewController.m; sourceTree = "<group>"; };
		413D7E051BAF033000D972DB /* DesEncrypt.h */ = {isa = PBXFileReference; fileEncoding = 4; lastKnownFileType = sourcecode.c.h; path = DesEncrypt.h; sourceTree = "<group>"; };
		413D7E061BAF033000D972DB /* DesEncrypt.m */ = {isa = PBXFileReference; fileEncoding = 4; lastKnownFileType = sourcecode.c.objc; path = DesEncrypt.m; sourceTree = "<group>"; };
		413D7E071BAF033000D972DB /* GTMBase64.h */ = {isa = PBXFileReference; fileEncoding = 4; lastKnownFileType = sourcecode.c.h; path = GTMBase64.h; sourceTree = "<group>"; };
		413D7E081BAF033000D972DB /* GTMBase64.m */ = {isa = PBXFileReference; fileEncoding = 4; lastKnownFileType = sourcecode.c.objc; path = GTMBase64.m; sourceTree = "<group>"; };
		413D7E091BAF033000D972DB /* GTMDefines.h */ = {isa = PBXFileReference; fileEncoding = 4; lastKnownFileType = sourcecode.c.h; path = GTMDefines.h; sourceTree = "<group>"; };
		413D7E0D1BAF049F00D972DB /* NBTpk.h */ = {isa = PBXFileReference; fileEncoding = 4; lastKnownFileType = sourcecode.c.h; path = NBTpk.h; sourceTree = "<group>"; };
		413D7E0E1BAF049F00D972DB /* NBTpk.m */ = {isa = PBXFileReference; fileEncoding = 4; lastKnownFileType = sourcecode.c.objc; path = NBTpk.m; sourceTree = "<group>"; };
		413D7E101BAF04B900D972DB /* Utility.h */ = {isa = PBXFileReference; fileEncoding = 4; lastKnownFileType = sourcecode.c.h; path = Utility.h; sourceTree = "<group>"; };
		413D7E111BAF04B900D972DB /* Utility.m */ = {isa = PBXFileReference; fileEncoding = 4; lastKnownFileType = sourcecode.c.objc; path = Utility.m; sourceTree = "<group>"; };
		413D7E131BAF068C00D972DB /* CoreDataManager.h */ = {isa = PBXFileReference; fileEncoding = 4; lastKnownFileType = sourcecode.c.h; path = CoreDataManager.h; sourceTree = "<group>"; };
		413D7E141BAF068C00D972DB /* CoreDataManager.m */ = {isa = PBXFileReference; fileEncoding = 4; lastKnownFileType = sourcecode.c.objc; path = CoreDataManager.m; sourceTree = "<group>"; };
		413D7E151BAF068C00D972DB /* DownloadConstants.h */ = {isa = PBXFileReference; fileEncoding = 4; lastKnownFileType = sourcecode.c.h; path = DownloadConstants.h; sourceTree = "<group>"; };
		413D7E161BAF068C00D972DB /* DownloadItem.h */ = {isa = PBXFileReference; fileEncoding = 4; lastKnownFileType = sourcecode.c.h; path = DownloadItem.h; sourceTree = "<group>"; };
		413D7E171BAF068C00D972DB /* DownloadItem.m */ = {isa = PBXFileReference; fileEncoding = 4; lastKnownFileType = sourcecode.c.objc; path = DownloadItem.m; sourceTree = "<group>"; };
		413D7E181BAF068C00D972DB /* DownloadItemEntity.h */ = {isa = PBXFileReference; fileEncoding = 4; lastKnownFileType = sourcecode.c.h; path = DownloadItemEntity.h; sourceTree = "<group>"; };
		413D7E191BAF068C00D972DB /* DownloadItemEntity.m */ = {isa = PBXFileReference; fileEncoding = 4; lastKnownFileType = sourcecode.c.objc; path = DownloadItemEntity.m; sourceTree = "<group>"; };
		413D7E1A1BAF068C00D972DB /* DownloadManager.h */ = {isa = PBXFileReference; fileEncoding = 4; lastKnownFileType = sourcecode.c.h; path = DownloadManager.h; sourceTree = "<group>"; };
		413D7E1B1BAF068C00D972DB /* DownloadManager.m */ = {isa = PBXFileReference; fileEncoding = 4; lastKnownFileType = sourcecode.c.objc; path = DownloadManager.m; sourceTree = "<group>"; };
		413D7E1C1BAF068C00D972DB /* DownloadStoreManager.h */ = {isa = PBXFileReference; fileEncoding = 4; lastKnownFileType = sourcecode.c.h; path = DownloadStoreManager.h; sourceTree = "<group>"; };
		413D7E1D1BAF068C00D972DB /* DownloadStoreManager.m */ = {isa = PBXFileReference; fileEncoding = 4; lastKnownFileType = sourcecode.c.objc; path = DownloadStoreManager.m; sourceTree = "<group>"; };
		413D7E1E1BAF068C00D972DB /* DwonloadModel.xcdatamodel */ = {isa = PBXFileReference; lastKnownFileType = wrapper.xcdatamodel; path = DwonloadModel.xcdatamodel; sourceTree = "<group>"; };
		413D7E281BAF08ED00D972DB /* dataHttpManager.h */ = {isa = PBXFileReference; fileEncoding = 4; lastKnownFileType = sourcecode.c.h; path = dataHttpManager.h; sourceTree = "<group>"; };
		413D7E291BAF08ED00D972DB /* dataHttpManager.m */ = {isa = PBXFileReference; fileEncoding = 4; lastKnownFileType = sourcecode.c.objc; path = dataHttpManager.m; sourceTree = "<group>"; };
		413D7E311BAF096400D972DB /* XMLReader.h */ = {isa = PBXFileReference; fileEncoding = 4; lastKnownFileType = sourcecode.c.h; path = XMLReader.h; sourceTree = "<group>"; };
		413D7E321BAF096400D972DB /* XMLReader.m */ = {isa = PBXFileReference; fileEncoding = 4; lastKnownFileType = sourcecode.c.objc; path = XMLReader.m; sourceTree = "<group>"; };
		41421D971B9DD67B000DDFAF /* AssetsLibrary.framework */ = {isa = PBXFileReference; lastKnownFileType = wrapper.framework; name = AssetsLibrary.framework; path = System/Library/Frameworks/AssetsLibrary.framework; sourceTree = SDKROOT; };
		41421D991B9DD682000DDFAF /* AVFoundation.framework */ = {isa = PBXFileReference; lastKnownFileType = wrapper.framework; name = AVFoundation.framework; path = System/Library/Frameworks/AVFoundation.framework; sourceTree = SDKROOT; };
		41421D9B1B9DD688000DDFAF /* AudioToolbox.framework */ = {isa = PBXFileReference; lastKnownFileType = wrapper.framework; name = AudioToolbox.framework; path = System/Library/Frameworks/AudioToolbox.framework; sourceTree = SDKROOT; };
		41421D9D1B9DD68F000DDFAF /* AddressBook.framework */ = {isa = PBXFileReference; lastKnownFileType = wrapper.framework; name = AddressBook.framework; path = System/Library/Frameworks/AddressBook.framework; sourceTree = SDKROOT; };
		41421D9F1B9DD697000DDFAF /* AdSupport.framework */ = {isa = PBXFileReference; lastKnownFileType = wrapper.framework; name = AdSupport.framework; path = System/Library/Frameworks/AdSupport.framework; sourceTree = SDKROOT; };
		41421DA11B9DD6A3000DDFAF /* libstdc++.6.0.9.dylib */ = {isa = PBXFileReference; lastKnownFileType = "compiled.mach-o.dylib"; name = "libstdc++.6.0.9.dylib"; path = "usr/lib/libstdc++.6.0.9.dylib"; sourceTree = SDKROOT; };
		41421DA31B9DD6B3000DDFAF /* libxml2.dylib */ = {isa = PBXFileReference; lastKnownFileType = "compiled.mach-o.dylib"; name = libxml2.dylib; path = usr/lib/libxml2.dylib; sourceTree = SDKROOT; };
		41421DA51B9DD6B9000DDFAF /* CFNetwork.framework */ = {isa = PBXFileReference; lastKnownFileType = wrapper.framework; name = CFNetwork.framework; path = System/Library/Frameworks/CFNetwork.framework; sourceTree = SDKROOT; };
		41421DA71B9DD6BF000DDFAF /* Foundation.framework */ = {isa = PBXFileReference; lastKnownFileType = wrapper.framework; name = Foundation.framework; path = System/Library/Frameworks/Foundation.framework; sourceTree = SDKROOT; };
		41421DA91B9DD6D6000DDFAF /* UIKit.framework */ = {isa = PBXFileReference; lastKnownFileType = wrapper.framework; name = UIKit.framework; path = System/Library/Frameworks/UIKit.framework; sourceTree = SDKROOT; };
		41421DAB1B9DD6E4000DDFAF /* CoreGraphics.framework */ = {isa = PBXFileReference; lastKnownFileType = wrapper.framework; name = CoreGraphics.framework; path = System/Library/Frameworks/CoreGraphics.framework; sourceTree = SDKROOT; };
		41421DAD1B9DD6EE000DDFAF /* CoreData.framework */ = {isa = PBXFileReference; lastKnownFileType = wrapper.framework; name = CoreData.framework; path = System/Library/Frameworks/CoreData.framework; sourceTree = SDKROOT; };
		41421DAF1B9DD6F8000DDFAF /* SystemConfiguration.framework */ = {isa = PBXFileReference; lastKnownFileType = wrapper.framework; name = SystemConfiguration.framework; path = System/Library/Frameworks/SystemConfiguration.framework; sourceTree = SDKROOT; };
		41421DB11B9DD700000DDFAF /* Security.framework */ = {isa = PBXFileReference; lastKnownFileType = wrapper.framework; name = Security.framework; path = System/Library/Frameworks/Security.framework; sourceTree = SDKROOT; };
		41421DB31B9DD70B000DDFAF /* libstdc++.dylib */ = {isa = PBXFileReference; lastKnownFileType = "compiled.mach-o.dylib"; name = "libstdc++.dylib"; path = "usr/lib/libstdc++.dylib"; sourceTree = SDKROOT; };
		41421DB51B9DD713000DDFAF /* CoreText.framework */ = {isa = PBXFileReference; lastKnownFileType = wrapper.framework; name = CoreText.framework; path = System/Library/Frameworks/CoreText.framework; sourceTree = SDKROOT; };
		41421DB71B9DD71A000DDFAF /* CoreLocation.framework */ = {isa = PBXFileReference; lastKnownFileType = wrapper.framework; name = CoreLocation.framework; path = System/Library/Frameworks/CoreLocation.framework; sourceTree = SDKROOT; };
		41421DB91B9DD724000DDFAF /* QuartzCore.framework */ = {isa = PBXFileReference; lastKnownFileType = wrapper.framework; name = QuartzCore.framework; path = System/Library/Frameworks/QuartzCore.framework; sourceTree = SDKROOT; };
		41421DBB1B9DD72F000DDFAF /* MediaPlayer.framework */ = {isa = PBXFileReference; lastKnownFileType = wrapper.framework; name = MediaPlayer.framework; path = System/Library/Frameworks/MediaPlayer.framework; sourceTree = SDKROOT; };
		41421DBD1B9DD73B000DDFAF /* libz.dylib */ = {isa = PBXFileReference; lastKnownFileType = "compiled.mach-o.dylib"; name = libz.dylib; path = usr/lib/libz.dylib; sourceTree = SDKROOT; };
		41421DBF1B9DD743000DDFAF /* MobileCoreServices.framework */ = {isa = PBXFileReference; lastKnownFileType = wrapper.framework; name = MobileCoreServices.framework; path = System/Library/Frameworks/MobileCoreServices.framework; sourceTree = SDKROOT; };
		41421DC41B9DD7F3000DDFAF /* Default-568h@2x.png */ = {isa = PBXFileReference; lastKnownFileType = image.png; path = "Default-568h@2x.png"; sourceTree = "<group>"; };
		41421DC51B9DD7F3000DDFAF /* Default.png */ = {isa = PBXFileReference; lastKnownFileType = image.png; path = Default.png; sourceTree = "<group>"; };
		41421DC61B9DD7F3000DDFAF /* Default@2x.png */ = {isa = PBXFileReference; lastKnownFileType = image.png; path = "Default@2x.png"; sourceTree = "<group>"; };
		41533EF21BBDE543006C7D55 /* NBGovment.h */ = {isa = PBXFileReference; fileEncoding = 4; lastKnownFileType = sourcecode.c.h; path = NBGovment.h; sourceTree = "<group>"; };
		41533EF31BBDE543006C7D55 /* NBGovment.m */ = {isa = PBXFileReference; fileEncoding = 4; lastKnownFileType = sourcecode.c.objc; path = NBGovment.m; sourceTree = "<group>"; };
		41533EF51BBDED96006C7D55 /* ResoureDetailTableViewController.h */ = {isa = PBXFileReference; fileEncoding = 4; lastKnownFileType = sourcecode.c.h; path = ResoureDetailTableViewController.h; sourceTree = "<group>"; };
		41533EF61BBDED96006C7D55 /* ResoureDetailTableViewController.m */ = {isa = PBXFileReference; fileEncoding = 4; lastKnownFileType = sourcecode.c.objc; path = ResoureDetailTableViewController.m; sourceTree = "<group>"; };
		41533EF81BBDF47E006C7D55 /* NBSearch.h */ = {isa = PBXFileReference; fileEncoding = 4; lastKnownFileType = sourcecode.c.h; path = NBSearch.h; sourceTree = "<group>"; };
		41533EF91BBDF47E006C7D55 /* NBSearch.m */ = {isa = PBXFileReference; fileEncoding = 4; lastKnownFileType = sourcecode.c.objc; path = NBSearch.m; sourceTree = "<group>"; };
		415A610B1BADADFD001FA3FB /* RATreeCell.xib */ = {isa = PBXFileReference; fileEncoding = 4; lastKnownFileType = file.xib; path = RATreeCell.xib; sourceTree = "<group>"; };
		415A61191BADB4C9001FA3FB /* RATreeView.h */ = {isa = PBXFileReference; fileEncoding = 4; lastKnownFileType = sourcecode.c.h; path = RATreeView.h; sourceTree = "<group>"; };
		415A611A1BADB4C9001FA3FB /* RATreeView.m */ = {isa = PBXFileReference; fileEncoding = 4; lastKnownFileType = sourcecode.c.objc; path = RATreeView.m; sourceTree = "<group>"; };
		415A611B1BADB4C9001FA3FB /* RATreeView+TableViewDelegate.h */ = {isa = PBXFileReference; fileEncoding = 4; lastKnownFileType = sourcecode.c.h; path = "RATreeView+TableViewDelegate.h"; sourceTree = "<group>"; };
		415A611C1BADB4C9001FA3FB /* RATreeView+TableViewDelegate.m */ = {isa = PBXFileReference; fileEncoding = 4; lastKnownFileType = sourcecode.c.objc; path = "RATreeView+TableViewDelegate.m"; sourceTree = "<group>"; };
		415A611D1BADB4C9001FA3FB /* RATreeView+TableViewDataSource.h */ = {isa = PBXFileReference; fileEncoding = 4; lastKnownFileType = sourcecode.c.h; path = "RATreeView+TableViewDataSource.h"; sourceTree = "<group>"; };
		415A611E1BADB4C9001FA3FB /* RATreeView+TableViewDataSource.m */ = {isa = PBXFileReference; fileEncoding = 4; lastKnownFileType = sourcecode.c.objc; path = "RATreeView+TableViewDataSource.m"; sourceTree = "<group>"; };
		415A611F1BADB4C9001FA3FB /* RATreeView+Private.h */ = {isa = PBXFileReference; fileEncoding = 4; lastKnownFileType = sourcecode.c.h; path = "RATreeView+Private.h"; sourceTree = "<group>"; };
		415A61201BADB4C9001FA3FB /* RATreeView+Private.m */ = {isa = PBXFileReference; fileEncoding = 4; lastKnownFileType = sourcecode.c.objc; path = "RATreeView+Private.m"; sourceTree = "<group>"; };
		415A61211BADB4C9001FA3FB /* RATreeView+Enums.h */ = {isa = PBXFileReference; fileEncoding = 4; lastKnownFileType = sourcecode.c.h; path = "RATreeView+Enums.h"; sourceTree = "<group>"; };
		415A61221BADB4C9001FA3FB /* RATreeView+Enums.m */ = {isa = PBXFileReference; fileEncoding = 4; lastKnownFileType = sourcecode.c.objc; path = "RATreeView+Enums.m"; sourceTree = "<group>"; };
		415A61231BADB4C9001FA3FB /* RATreeView+UIScrollView.h */ = {isa = PBXFileReference; fileEncoding = 4; lastKnownFileType = sourcecode.c.h; path = "RATreeView+UIScrollView.h"; sourceTree = "<group>"; };
		415A61241BADB4C9001FA3FB /* RATreeView+UIScrollView.m */ = {isa = PBXFileReference; fileEncoding = 4; lastKnownFileType = sourcecode.c.objc; path = "RATreeView+UIScrollView.m"; sourceTree = "<group>"; };
		415A61251BADB4C9001FA3FB /* RATreeNode.h */ = {isa = PBXFileReference; fileEncoding = 4; lastKnownFileType = sourcecode.c.h; path = RATreeNode.h; sourceTree = "<group>"; };
		415A61261BADB4C9001FA3FB /* RATreeNode.m */ = {isa = PBXFileReference; fileEncoding = 4; lastKnownFileType = sourcecode.c.objc; path = RATreeNode.m; sourceTree = "<group>"; };
		415A61271BADB4C9001FA3FB /* RATreeNodeCollectionController.h */ = {isa = PBXFileReference; fileEncoding = 4; lastKnownFileType = sourcecode.c.h; path = RATreeNodeCollectionController.h; sourceTree = "<group>"; };
		415A61281BADB4C9001FA3FB /* RATreeNodeCollectionController.m */ = {isa = PBXFileReference; fileEncoding = 4; lastKnownFileType = sourcecode.c.objc; path = RATreeNodeCollectionController.m; sourceTree = "<group>"; };
		415A61291BADB4C9001FA3FB /* RATreeNodeInfo.h */ = {isa = PBXFileReference; fileEncoding = 4; lastKnownFileType = sourcecode.c.h; path = RATreeNodeInfo.h; sourceTree = "<group>"; };
		415A612A1BADB4C9001FA3FB /* RATreeNodeInfo.m */ = {isa = PBXFileReference; fileEncoding = 4; lastKnownFileType = sourcecode.c.objc; path = RATreeNodeInfo.m; sourceTree = "<group>"; };
		415A612B1BADB4C9001FA3FB /* RATreeNodeInfo+Private.h */ = {isa = PBXFileReference; fileEncoding = 4; lastKnownFileType = sourcecode.c.h; path = "RATreeNodeInfo+Private.h"; sourceTree = "<group>"; };
		415A612C1BADB4C9001FA3FB /* RATreeNodeInfo+Private.m */ = {isa = PBXFileReference; fileEncoding = 4; lastKnownFileType = sourcecode.c.objc; path = "RATreeNodeInfo+Private.m"; sourceTree = "<group>"; };
		415A61371BADB4E8001FA3FB /* RADataObject.h */ = {isa = PBXFileReference; fileEncoding = 4; lastKnownFileType = sourcecode.c.h; path = RADataObject.h; sourceTree = "<group>"; };
		415A61381BADB4E8001FA3FB /* RADataObject.m */ = {isa = PBXFileReference; fileEncoding = 4; lastKnownFileType = sourcecode.c.objc; path = RADataObject.m; sourceTree = "<group>"; };
		415A61391BADB4E8001FA3FB /* RAViewController.h */ = {isa = PBXFileReference; fileEncoding = 4; lastKnownFileType = sourcecode.c.h; path = RAViewController.h; sourceTree = "<group>"; };
		415A613A1BADB4E8001FA3FB /* RAViewController.m */ = {isa = PBXFileReference; fileEncoding = 4; lastKnownFileType = sourcecode.c.objc; path = RAViewController.m; sourceTree = "<group>"; };
		415A613D1BADB7BE001FA3FB /* RATreeCell.h */ = {isa = PBXFileReference; fileEncoding = 4; lastKnownFileType = sourcecode.c.h; path = RATreeCell.h; sourceTree = "<group>"; };
		415A613E1BADB7BE001FA3FB /* RATreeCell.m */ = {isa = PBXFileReference; fileEncoding = 4; lastKnownFileType = sourcecode.c.objc; path = RATreeCell.m; sourceTree = "<group>"; };
		415CA73C1BC7D0EA003D8347 /* DBDraws.h */ = {isa = PBXFileReference; fileEncoding = 4; lastKnownFileType = sourcecode.c.h; path = DBDraws.h; sourceTree = "<group>"; };
		415CA73D1BC7D0EA003D8347 /* DBDraws.m */ = {isa = PBXFileReference; fileEncoding = 4; lastKnownFileType = sourcecode.c.objc; path = DBDraws.m; sourceTree = "<group>"; };
		415CA73F1BC7D23C003D8347 /* Draw.h */ = {isa = PBXFileReference; fileEncoding = 4; lastKnownFileType = sourcecode.c.h; path = Draw.h; sourceTree = "<group>"; };
		415CA7401BC7D23C003D8347 /* Draw.m */ = {isa = PBXFileReference; fileEncoding = 4; lastKnownFileType = sourcecode.c.objc; path = Draw.m; sourceTree = "<group>"; };
		415CA7431BC80A9A003D8347 /* myDrawTableViewController.h */ = {isa = PBXFileReference; fileEncoding = 4; lastKnownFileType = sourcecode.c.h; path = myDrawTableViewController.h; sourceTree = "<group>"; };
		415CA7441BC80A9A003D8347 /* myDrawTableViewController.m */ = {isa = PBXFileReference; fileEncoding = 4; lastKnownFileType = sourcecode.c.objc; path = myDrawTableViewController.m; sourceTree = "<group>"; };
		415CA7461BC80FDB003D8347 /* myDrawTableViewCell.h */ = {isa = PBXFileReference; fileEncoding = 4; lastKnownFileType = sourcecode.c.h; path = myDrawTableViewCell.h; sourceTree = "<group>"; };
		415CA7471BC80FDB003D8347 /* myDrawTableViewCell.m */ = {isa = PBXFileReference; fileEncoding = 4; lastKnownFileType = sourcecode.c.objc; path = myDrawTableViewCell.m; sourceTree = "<group>"; };
		415F5E7C1BCAB08C009C0AAA /* mapViewController.h */ = {isa = PBXFileReference; fileEncoding = 4; lastKnownFileType = sourcecode.c.h; path = mapViewController.h; sourceTree = "<group>"; };
		415F5E7D1BCAB08C009C0AAA /* mapViewController.m */ = {isa = PBXFileReference; fileEncoding = 4; lastKnownFileType = sourcecode.c.objc; path = mapViewController.m; sourceTree = "<group>"; };
		4162525D1BA92A33002DB58D /* libxml2.2.dylib */ = {isa = PBXFileReference; lastKnownFileType = "compiled.mach-o.dylib"; name = libxml2.2.dylib; path = usr/lib/libxml2.2.dylib; sourceTree = SDKROOT; };
		4162525F1BA92BFC002DB58D /* ArcGIS.framework */ = {isa = PBXFileReference; lastKnownFileType = wrapper.framework; path = ArcGIS.framework; sourceTree = "<group>"; };
		41750E1C1BD2903000A99384 /* NBSearchCatalogDetailTableViewController.h */ = {isa = PBXFileReference; fileEncoding = 4; lastKnownFileType = sourcecode.c.h; path = NBSearchCatalogDetailTableViewController.h; sourceTree = "<group>"; };
		41750E1D1BD2903000A99384 /* NBSearchCatalogDetailTableViewController.m */ = {isa = PBXFileReference; fileEncoding = 4; lastKnownFileType = sourcecode.c.objc; path = NBSearchCatalogDetailTableViewController.m; sourceTree = "<group>"; };
		41750E1F1BD2978500A99384 /* LayersManagerTableViewController.h */ = {isa = PBXFileReference; fileEncoding = 4; lastKnownFileType = sourcecode.c.h; path = LayersManagerTableViewController.h; sourceTree = "<group>"; };
		41750E201BD2978500A99384 /* LayersManagerTableViewController.m */ = {isa = PBXFileReference; fileEncoding = 4; lastKnownFileType = sourcecode.c.objc; path = LayersManagerTableViewController.m; sourceTree = "<group>"; };
		41750E221BD2ACAF00A99384 /* DrawSearchDetailTableViewController.h */ = {isa = PBXFileReference; fileEncoding = 4; lastKnownFileType = sourcecode.c.h; path = DrawSearchDetailTableViewController.h; sourceTree = "<group>"; };
		41750E231BD2ACAF00A99384 /* DrawSearchDetailTableViewController.m */ = {isa = PBXFileReference; fileEncoding = 4; lastKnownFileType = sourcecode.c.objc; path = DrawSearchDetailTableViewController.m; sourceTree = "<group>"; };
		417DC3641BA9C5D500FA4394 /* Main.storyboard */ = {isa = PBXFileReference; fileEncoding = 4; lastKnownFileType = file.storyboard; path = Main.storyboard; sourceTree = "<group>"; };
		417DC3661BA9C69E00FA4394 /* ViewController.h */ = {isa = PBXFileReference; fileEncoding = 4; lastKnownFileType = sourcecode.c.h; path = ViewController.h; sourceTree = "<group>"; };
		417DC3671BA9C69E00FA4394 /* ViewController.m */ = {isa = PBXFileReference; fileEncoding = 4; lastKnownFileType = sourcecode.c.objc; path = ViewController.m; sourceTree = "<group>"; };
		41B9534C1BB598E200FE6F35 /* CanvasView.m */ = {isa = PBXFileReference; fileEncoding = 4; lastKnownFileType = sourcecode.c.objc; path = CanvasView.m; sourceTree = "<group>"; };
		41B9534D1BB598E200FE6F35 /* CanvasView.h */ = {isa = PBXFileReference; fileEncoding = 4; lastKnownFileType = sourcecode.c.h; path = CanvasView.h; sourceTree = "<group>"; };
		41C735551BDD13F800E01B84 /* NBRoute.h */ = {isa = PBXFileReference; fileEncoding = 4; lastKnownFileType = sourcecode.c.h; path = NBRoute.h; sourceTree = "<group>"; };
		41C735561BDD13F800E01B84 /* NBRoute.m */ = {isa = PBXFileReference; fileEncoding = 4; lastKnownFileType = sourcecode.c.objc; path = NBRoute.m; sourceTree = "<group>"; };
		41C735571BDD13F800E01B84 /* NBRouteItem.h */ = {isa = PBXFileReference; fileEncoding = 4; lastKnownFileType = sourcecode.c.h; path = NBRouteItem.h; sourceTree = "<group>"; };
		41C735581BDD13F800E01B84 /* NBRouteItem.m */ = {isa = PBXFileReference; fileEncoding = 4; lastKnownFileType = sourcecode.c.objc; path = NBRouteItem.m; sourceTree = "<group>"; };
		41C7355B1BDD163500E01B84 /* NBSimpleRoute.h */ = {isa = PBXFileReference; fileEncoding = 4; lastKnownFileType = sourcecode.c.h; path = NBSimpleRoute.h; sourceTree = "<group>"; };
		41C7355C1BDD163500E01B84 /* NBSimpleRoute.m */ = {isa = PBXFileReference; fileEncoding = 4; lastKnownFileType = sourcecode.c.objc; path = NBSimpleRoute.m; sourceTree = "<group>"; };
		41E425CE1BA8694D009C0581 /* TianDiTuWMTSLayer.h */ = {isa = PBXFileReference; fileEncoding = 4; lastKnownFileType = sourcecode.c.h; path = TianDiTuWMTSLayer.h; sourceTree = "<group>"; };
		41E425CF1BA8694D009C0581 /* TianDiTuWMTSLayer.m */ = {isa = PBXFileReference; fileEncoding = 4; lastKnownFileType = sourcecode.c.objc; path = TianDiTuWMTSLayer.m; sourceTree = "<group>"; };
		41E425D01BA8694D009C0581 /* TianDiTuWMTSLayerInfo.h */ = {isa = PBXFileReference; fileEncoding = 4; lastKnownFileType = sourcecode.c.h; path = TianDiTuWMTSLayerInfo.h; sourceTree = "<group>"; };
		41E425D11BA8694D009C0581 /* TianDiTuWMTSLayerInfo.m */ = {isa = PBXFileReference; fileEncoding = 4; lastKnownFileType = sourcecode.c.objc; path = TianDiTuWMTSLayerInfo.m; sourceTree = "<group>"; };
		41E425D21BA8694D009C0581 /* TianDiTuWMTSLayerInfoDelegate.h */ = {isa = PBXFileReference; fileEncoding = 4; lastKnownFileType = sourcecode.c.h; path = TianDiTuWMTSLayerInfoDelegate.h; sourceTree = "<group>"; };
		41E425D31BA8694D009C0581 /* TianDiTuWMTSLayerInfoDelegate.m */ = {isa = PBXFileReference; fileEncoding = 4; lastKnownFileType = sourcecode.c.objc; path = TianDiTuWMTSLayerInfoDelegate.m; sourceTree = "<group>"; };
		41E425D41BA8694D009C0581 /* TianDiTuWMTSTileOperation.h */ = {isa = PBXFileReference; fileEncoding = 4; lastKnownFileType = sourcecode.c.h; path = TianDiTuWMTSTileOperation.h; sourceTree = "<group>"; };
		41E425D51BA8694D009C0581 /* TianDiTuWMTSTileOperation.m */ = {isa = PBXFileReference; fileEncoding = 4; lastKnownFileType = sourcecode.c.objc; path = TianDiTuWMTSTileOperation.m; sourceTree = "<group>"; };
		41E425DB1BA869B2009C0581 /* NSConfigData.h */ = {isa = PBXFileReference; fileEncoding = 4; lastKnownFileType = sourcecode.c.h; path = NSConfigData.h; sourceTree = "<group>"; };
		41E425DC1BA869B2009C0581 /* NSConfigData.m */ = {isa = PBXFileReference; fileEncoding = 4; lastKnownFileType = sourcecode.c.objc; path = NSConfigData.m; sourceTree = "<group>"; };
		41E425DE1BA86A56009C0581 /* NSConvert.h */ = {isa = PBXFileReference; fileEncoding = 4; lastKnownFileType = sourcecode.c.h; path = NSConvert.h; sourceTree = "<group>"; };
		41E425DF1BA86A56009C0581 /* NSConvert.m */ = {isa = PBXFileReference; fileEncoding = 4; lastKnownFileType = sourcecode.c.objc; path = NSConvert.m; sourceTree = "<group>"; };
		41E425E11BA86AAC009C0581 /* TianDiTuData.h */ = {isa = PBXFileReference; fileEncoding = 4; lastKnownFileType = sourcecode.c.h; path = TianDiTuData.h; sourceTree = "<group>"; };
		41E425E21BA86AAC009C0581 /* TianDiTuData.m */ = {isa = PBXFileReference; fileEncoding = 4; lastKnownFileType = sourcecode.c.objc; path = TianDiTuData.m; sourceTree = "<group>"; };
		41E425E41BA86B26009C0581 /* esriView.h */ = {isa = PBXFileReference; fileEncoding = 4; lastKnownFileType = sourcecode.c.h; path = esriView.h; sourceTree = "<group>"; };
		41E425E51BA86B26009C0581 /* esriView.m */ = {isa = PBXFileReference; fileEncoding = 4; lastKnownFileType = sourcecode.c.objc; path = esriView.m; sourceTree = "<group>"; };
		41E425E61BA86B26009C0581 /* esriView.xib */ = {isa = PBXFileReference; fileEncoding = 4; lastKnownFileType = file.xib; path = esriView.xib; sourceTree = "<group>"; };
		41E425E91BA86B7A009C0581 /* QueryParams.h */ = {isa = PBXFileReference; fileEncoding = 4; lastKnownFileType = sourcecode.c.h; path = QueryParams.h; sourceTree = "<group>"; };
		41E425EA1BA86B7A009C0581 /* QueryParams.m */ = {isa = PBXFileReference; fileEncoding = 4; lastKnownFileType = sourcecode.c.objc; path = QueryParams.m; sourceTree = "<group>"; };
		41E425EC1BA86CBE009C0581 /* libsqlite3.0.dylib */ = {isa = PBXFileReference; lastKnownFileType = "compiled.mach-o.dylib"; name = libsqlite3.0.dylib; path = usr/lib/libsqlite3.0.dylib; sourceTree = SDKROOT; };
		8CBD89930187A749CD0B1FBC /* Pods-hzch.debug.xcconfig */ = {isa = PBXFileReference; includeInIndex = 1; lastKnownFileType = text.xcconfig; name = "Pods-hzch.debug.xcconfig"; path = "Pods/Target Support Files/Pods-hzch/Pods-hzch.debug.xcconfig"; sourceTree = "<group>"; };
		D1ADE15DC029A9099ED92F72 /* libPods-hzch.a */ = {isa = PBXFileReference; explicitFileType = archive.ar; includeInIndex = 0; path = "libPods-hzch.a"; sourceTree = BUILT_PRODUCTS_DIR; };
/* End PBXFileReference section */

/* Begin PBXFrameworksBuildPhase section */
		410555E91B9C729400B208E8 /* Frameworks */ = {
			isa = PBXFrameworksBuildPhase;
			buildActionMask = 2147483647;
			files = (
				41E425ED1BA86CBE009C0581 /* libsqlite3.0.dylib in Frameworks */,
				416252601BA92BFC002DB58D /* ArcGIS.framework in Frameworks */,
				4162525E1BA92A33002DB58D /* libxml2.2.dylib in Frameworks */,
				41421DC01B9DD743000DDFAF /* MobileCoreServices.framework in Frameworks */,
				41421DBE1B9DD73B000DDFAF /* libz.dylib in Frameworks */,
				41421DBC1B9DD72F000DDFAF /* MediaPlayer.framework in Frameworks */,
				41421DBA1B9DD724000DDFAF /* QuartzCore.framework in Frameworks */,
				41421DB81B9DD71A000DDFAF /* CoreLocation.framework in Frameworks */,
				41421DB61B9DD713000DDFAF /* CoreText.framework in Frameworks */,
				41421DB21B9DD700000DDFAF /* Security.framework in Frameworks */,
				41421DB01B9DD6F8000DDFAF /* SystemConfiguration.framework in Frameworks */,
				41421DAE1B9DD6EE000DDFAF /* CoreData.framework in Frameworks */,
				41421DAC1B9DD6E4000DDFAF /* CoreGraphics.framework in Frameworks */,
				41421DAA1B9DD6D6000DDFAF /* UIKit.framework in Frameworks */,
				41421DA81B9DD6BF000DDFAF /* Foundation.framework in Frameworks */,
				41421DA61B9DD6B9000DDFAF /* CFNetwork.framework in Frameworks */,
				41421DA21B9DD6A3000DDFAF /* libstdc++.6.0.9.dylib in Frameworks */,
				41421DA01B9DD697000DDFAF /* AdSupport.framework in Frameworks */,
				41421D9E1B9DD68F000DDFAF /* AddressBook.framework in Frameworks */,
				41421D9C1B9DD688000DDFAF /* AudioToolbox.framework in Frameworks */,
				41421D9A1B9DD682000DDFAF /* AVFoundation.framework in Frameworks */,
				41421D981B9DD67B000DDFAF /* AssetsLibrary.framework in Frameworks */,
				FC6AA8D2199BA047EA9E2C58 /* libPods-hzch.a in Frameworks */,
			);
			runOnlyForDeploymentPostprocessing = 0;
		};
/* End PBXFrameworksBuildPhase section */

/* Begin PBXGroup section */
		410555E31B9C729400B208E8 = {
			isa = PBXGroup;
			children = (
				652407EDA660C0D97CBA1382 /* Frameworks */,
				410555EE1B9C729400B208E8 /* hzch */,
				410555ED1B9C729400B208E8 /* Products */,
				D59F2456D1FD2463978AE783 /* Pods */,
			);
			sourceTree = "<group>";
		};
		410555ED1B9C729400B208E8 /* Products */ = {
			isa = PBXGroup;
			children = (
				410555EC1B9C729400B208E8 /* hzch.app */,
			);
			name = Products;
			sourceTree = "<group>";
		};
		410555EE1B9C729400B208E8 /* hzch */ = {
			isa = PBXGroup;
			children = (
				415CA73B1BC7D095003D8347 /* DBManager */,
				413C78F91BBAE19A005217F3 /* search */,
				417D01B71BA1E4CA00ADD996 /* dataManager */,
				4106DFE71BA1D78D00EF997D /* categary */,
				416876951BA1D02500119267 /* map */,
				416876941BA1CE1900119267 /* set */,
				416876931BA1CE0800119267 /* tool */,
				416876921BA1CDDF00119267 /* dataShow */,
				416876911BA1CD9C00119267 /* resourceCenter */,
				41421DCA1B9DD954000DDFAF /* kit */,
				410555F31B9C729400B208E8 /* AppDelegate.h */,
				410555F41B9C729400B208E8 /* AppDelegate.m */,
				410556011B9C729400B208E8 /* LaunchScreen.xib */,
				410555EF1B9C729400B208E8 /* Supporting Files */,
				417DC3641BA9C5D500FA4394 /* Main.storyboard */,
				417DC3661BA9C69E00FA4394 /* ViewController.h */,
				417DC3671BA9C69E00FA4394 /* ViewController.m */,
				410A3AC31BAB13830025206E /* image.xcassets */,
				415F5E7C1BCAB08C009C0AAA /* mapViewController.h */,
				415F5E7D1BCAB08C009C0AAA /* mapViewController.m */,
			);
			path = hzch;
			sourceTree = "<group>";
		};
		410555EF1B9C729400B208E8 /* Supporting Files */ = {
			isa = PBXGroup;
			children = (
				41421DC41B9DD7F3000DDFAF /* Default-568h@2x.png */,
				41421DC51B9DD7F3000DDFAF /* Default.png */,
				41421DC61B9DD7F3000DDFAF /* Default@2x.png */,
				410555F01B9C729400B208E8 /* Info.plist */,
				410555F11B9C729400B208E8 /* main.mm */,
				4106DFDC1BA1D68200EF997D /* PrefixHeader.pch */,
			);
			name = "Supporting Files";
			sourceTree = "<group>";
		};
		4106DFE71BA1D78D00EF997D /* categary */ = {
			isa = PBXGroup;
			children = (
				412A154F1BC6AE12006E87A0 /* MapUtil.h */,
				412A15501BC6AE12006E87A0 /* MapUtil.m */,
				412A15511BC6AE12006E87A0 /* SketchUtil.h */,
				412A15521BC6AE12006E87A0 /* SketchUtil.m */,
				413D7E101BAF04B900D972DB /* Utility.h */,
				413D7E111BAF04B900D972DB /* Utility.m */,
				41E425DE1BA86A56009C0581 /* NSConvert.h */,
				41E425DF1BA86A56009C0581 /* NSConvert.m */,
				412A15631BC6B46B006E87A0 /* XMLDictionary.h */,
				412A15641BC6B46B006E87A0 /* XMLDictionary.m */,
				41E425DB1BA869B2009C0581 /* NSConfigData.h */,
				41E425DC1BA869B2009C0581 /* NSConfigData.m */,
				4106DFEA1BA1D7A900EF997D /* StringUtil.h */,
				4106DFEB1BA1D7A900EF997D /* StringUtil.m */,
				4106DFEE1BA1D7A900EF997D /* NSDataAdditions.h */,
				4106DFEF1BA1D7A900EF997D /* NSDataAdditions.m */,
				4106DFF01BA1D7A900EF997D /* NSDictionaryAdditions.h */,
				4106DFF11BA1D7A900EF997D /* NSDictionaryAdditions.m */,
				4106DFF21BA1D7A900EF997D /* CLLocation+Sino.h */,
				4106DFF31BA1D7A900EF997D /* CLLocation+Sino.m */,
			);
			name = categary;
			sourceTree = "<group>";
		};
		412A151C1BC69305006E87A0 /* picker */ = {
			isa = PBXGroup;
			children = (
				412A151D1BC69318006E87A0 /* ActionSheetPicker.h */,
				412A151E1BC69318006E87A0 /* AbstractActionSheetPicker.h */,
				412A151F1BC69318006E87A0 /* AbstractActionSheetPicker.m */,
				412A15201BC69318006E87A0 /* ActionSheetCustomPicker.h */,
				412A15211BC69318006E87A0 /* ActionSheetCustomPicker.m */,
				412A15221BC69318006E87A0 /* ActionSheetCustomPickerDelegate.h */,
				412A15231BC69318006E87A0 /* ActionSheetDatePicker.h */,
				412A15241BC69318006E87A0 /* ActionSheetDatePicker.m */,
				412A15251BC69318006E87A0 /* ActionSheetDistancePicker.h */,
				412A15261BC69318006E87A0 /* ActionSheetDistancePicker.m */,
				412A15271BC69318006E87A0 /* ActionSheetStringPicker.h */,
				412A15281BC69318006E87A0 /* ActionSheetStringPicker.m */,
				412A15291BC69318006E87A0 /* DistancePickerView.h */,
				412A152A1BC69318006E87A0 /* DistancePickerView.m */,
			);
			name = picker;
			sourceTree = "<group>";
		};
		412A15321BC6A77A006E87A0 /* shp */ = {
			isa = PBXGroup;
			children = (
				412A15481BC6AB5B006E87A0 /* dbfopen.c */,
				412A15491BC6AB5B006E87A0 /* shapefil.h */,
				412A154A1BC6AB5B006E87A0 /* shpopen.c */,
				412A154B1BC6AB5B006E87A0 /* shptree.c */,
				412A15331BC6A7F4006E87A0 /* ShpHelper.h */,
				412A15341BC6A7F4006E87A0 /* ShpHelper.m */,
			);
			name = shp;
			sourceTree = "<group>";
		};
		412A15581BC6AFE2006E87A0 /* WFS */ = {
			isa = PBXGroup;
			children = (
				412A15591BC6AFF7006E87A0 /* WFS.h */,
				412A155A1BC6AFF7006E87A0 /* WFS.m */,
				412A155B1BC6AFF7006E87A0 /* GMLParser.h */,
				412A155C1BC6AFF7006E87A0 /* GMLParser.m */,
				412A155D1BC6AFF7006E87A0 /* OGCParser.h */,
				412A155E1BC6AFF7006E87A0 /* OGCParser.m */,
			);
			name = WFS;
			sourceTree = "<group>";
		};
		413C78F91BBAE19A005217F3 /* search */ = {
			isa = PBXGroup;
			children = (
				413C78FA1BBAE1D3005217F3 /* NBSearchTableViewController.h */,
				413C78FB1BBAE1D3005217F3 /* NBSearchTableViewController.m */,
				41533EF81BBDF47E006C7D55 /* NBSearch.h */,
				41533EF91BBDF47E006C7D55 /* NBSearch.m */,
				413470051BBF46DA00FABEA8 /* NBSearchDetailTableViewController.h */,
				413470061BBF46DA00FABEA8 /* NBSearchDetailTableViewController.m */,
				413CD51A1BC2BE480069EC23 /* NBSearchCatalog.h */,
				413CD51B1BC2BE480069EC23 /* NBSearchCatalog.m */,
				41750E1C1BD2903000A99384 /* NBSearchCatalogDetailTableViewController.h */,
				41750E1D1BD2903000A99384 /* NBSearchCatalogDetailTableViewController.m */,
				41750E221BD2ACAF00A99384 /* DrawSearchDetailTableViewController.h */,
				41750E231BD2ACAF00A99384 /* DrawSearchDetailTableViewController.m */,
				413D2B991BD34D7600490CC2 /* NBSearchImageViewController.h */,
				413D2B9A1BD34D7600490CC2 /* NBSearchImageViewController.m */,
				413D2B9C1BD34D8800490CC2 /* NBSearchVideoViewController.h */,
				413D2B9D1BD34D8800490CC2 /* NBSearchVideoViewController.m */,
			);
			name = search;
			sourceTree = "<group>";
		};
		413D7DF11BAF02EC00D972DB /* DownloadHelper */ = {
			isa = PBXGroup;
			children = (
				413D7E131BAF068C00D972DB /* CoreDataManager.h */,
				413D7E141BAF068C00D972DB /* CoreDataManager.m */,
				413D7E151BAF068C00D972DB /* DownloadConstants.h */,
				413D7E161BAF068C00D972DB /* DownloadItem.h */,
				413D7E171BAF068C00D972DB /* DownloadItem.m */,
				413D7E181BAF068C00D972DB /* DownloadItemEntity.h */,
				413D7E191BAF068C00D972DB /* DownloadItemEntity.m */,
				413D7E1A1BAF068C00D972DB /* DownloadManager.h */,
				413D7E1B1BAF068C00D972DB /* DownloadManager.m */,
				413D7E1C1BAF068C00D972DB /* DownloadStoreManager.h */,
				413D7E1D1BAF068C00D972DB /* DownloadStoreManager.m */,
				413D7E1E1BAF068C00D972DB /* DwonloadModel.xcdatamodel */,
			);
			name = DownloadHelper;
			sourceTree = "<group>";
		};
		413D7E041BAF032500D972DB /* DES */ = {
			isa = PBXGroup;
			children = (
				413D7E051BAF033000D972DB /* DesEncrypt.h */,
				413D7E061BAF033000D972DB /* DesEncrypt.m */,
				413D7E071BAF033000D972DB /* GTMBase64.h */,
				413D7E081BAF033000D972DB /* GTMBase64.m */,
				413D7E091BAF033000D972DB /* GTMDefines.h */,
			);
			name = DES;
			sourceTree = "<group>";
		};
		413D7E0C1BAF033E00D972DB /* DownLoadManager */ = {
			isa = PBXGroup;
			children = (
				413D7E0D1BAF049F00D972DB /* NBTpk.h */,
				413D7E0E1BAF049F00D972DB /* NBTpk.m */,
				413D7DE21BAF02CC00D972DB /* DowningCell.h */,
				413D7DE31BAF02CC00D972DB /* DowningCell.m */,
				413D7DE41BAF02CC00D972DB /* DowningCell.xib */,
				413D7DE51BAF02CC00D972DB /* NBDownLoadManagerViewController.m */,
				413D7DE61BAF02CC00D972DB /* NBDownLoadManagerViewController.h */,
				413D7DE81BAF02CC00D972DB /* NBDownLoadViewController.h */,
				413D7DE91BAF02CC00D972DB /* NBDownLoadViewController.m */,
				412B398C1BB97B1700DD9151 /* NBSpatialData.h */,
				412B398D1BB97B1700DD9151 /* NBSpatialData.m */,
			);
			name = DownLoadManager;
			sourceTree = "<group>";
		};
		413D7E301BAF095900D972DB /* XMLReader */ = {
			isa = PBXGroup;
			children = (
				413D7E311BAF096400D972DB /* XMLReader.h */,
				413D7E321BAF096400D972DB /* XMLReader.m */,
			);
			name = XMLReader;
			sourceTree = "<group>";
		};
		41421DCA1B9DD954000DDFAF /* kit */ = {
			isa = PBXGroup;
			children = (
				412A15321BC6A77A006E87A0 /* shp */,
				412A151C1BC69305006E87A0 /* picker */,
				413D7E301BAF095900D972DB /* XMLReader */,
				415A61181BADB4BB001FA3FB /* RATreeView */,
				41E425DA1BA86958009C0581 /* tianditu */,
			);
			name = kit;
			sourceTree = "<group>";
		};
		415A61181BADB4BB001FA3FB /* RATreeView */ = {
			isa = PBXGroup;
			children = (
				415A61191BADB4C9001FA3FB /* RATreeView.h */,
				415A611A1BADB4C9001FA3FB /* RATreeView.m */,
				415A611B1BADB4C9001FA3FB /* RATreeView+TableViewDelegate.h */,
				415A611C1BADB4C9001FA3FB /* RATreeView+TableViewDelegate.m */,
				415A611D1BADB4C9001FA3FB /* RATreeView+TableViewDataSource.h */,
				415A611E1BADB4C9001FA3FB /* RATreeView+TableViewDataSource.m */,
				415A611F1BADB4C9001FA3FB /* RATreeView+Private.h */,
				415A61201BADB4C9001FA3FB /* RATreeView+Private.m */,
				415A61211BADB4C9001FA3FB /* RATreeView+Enums.h */,
				415A61221BADB4C9001FA3FB /* RATreeView+Enums.m */,
				415A61231BADB4C9001FA3FB /* RATreeView+UIScrollView.h */,
				415A61241BADB4C9001FA3FB /* RATreeView+UIScrollView.m */,
				415A61251BADB4C9001FA3FB /* RATreeNode.h */,
				415A61261BADB4C9001FA3FB /* RATreeNode.m */,
				415A61271BADB4C9001FA3FB /* RATreeNodeCollectionController.h */,
				415A61281BADB4C9001FA3FB /* RATreeNodeCollectionController.m */,
				415A61291BADB4C9001FA3FB /* RATreeNodeInfo.h */,
				415A612A1BADB4C9001FA3FB /* RATreeNodeInfo.m */,
				415A612B1BADB4C9001FA3FB /* RATreeNodeInfo+Private.h */,
				415A612C1BADB4C9001FA3FB /* RATreeNodeInfo+Private.m */,
				415A613D1BADB7BE001FA3FB /* RATreeCell.h */,
				415A613E1BADB7BE001FA3FB /* RATreeCell.m */,
				415A610B1BADADFD001FA3FB /* RATreeCell.xib */,
			);
			name = RATreeView;
			sourceTree = "<group>";
		};
		415CA73B1BC7D095003D8347 /* DBManager */ = {
			isa = PBXGroup;
			children = (
				415CA73C1BC7D0EA003D8347 /* DBDraws.h */,
				415CA73D1BC7D0EA003D8347 /* DBDraws.m */,
				415CA73F1BC7D23C003D8347 /* Draw.h */,
				415CA7401BC7D23C003D8347 /* Draw.m */,
			);
			name = DBManager;
			sourceTree = "<group>";
		};
		416876911BA1CD9C00119267 /* resourceCenter */ = {
			isa = PBXGroup;
			children = (
				415A61371BADB4E8001FA3FB /* RADataObject.h */,
				415A61381BADB4E8001FA3FB /* RADataObject.m */,
				415A61391BADB4E8001FA3FB /* RAViewController.h */,
				415A613A1BADB4E8001FA3FB /* RAViewController.m */,
				413C78FD1BBAE9D7005217F3 /* ResoureTableViewController.h */,
				413C78FE1BBAE9D7005217F3 /* ResoureTableViewController.m */,
				413C79001BBAEEEC005217F3 /* NBDepartMent.h */,
				413C79011BBAEEEC005217F3 /* NBDepartMent.m */,
				41533EF21BBDE543006C7D55 /* NBGovment.h */,
				41533EF31BBDE543006C7D55 /* NBGovment.m */,
				41533EF51BBDED96006C7D55 /* ResoureDetailTableViewController.h */,
				41533EF61BBDED96006C7D55 /* ResoureDetailTableViewController.m */,
				413D2B9F1BD3EA3E00490CC2 /* ShowResourceTypeTableViewController.h */,
				413D2BA01BD3EA3E00490CC2 /* ShowResourceTypeTableViewController.m */,
			);
			name = resourceCenter;
			sourceTree = "<group>";
		};
		416876921BA1CDDF00119267 /* dataShow */ = {
			isa = PBXGroup;
			children = (
				413D7E0C1BAF033E00D972DB /* DownLoadManager */,
				413D7E041BAF032500D972DB /* DES */,
				413D7DF11BAF02EC00D972DB /* DownloadHelper */,
			);
			name = dataShow;
			sourceTree = "<group>";
		};
		416876931BA1CE0800119267 /* tool */ = {
			isa = PBXGroup;
			children = (
				41C7355B1BDD163500E01B84 /* NBSimpleRoute.h */,
				41C7355C1BDD163500E01B84 /* NBSimpleRoute.m */,
				41C735551BDD13F800E01B84 /* NBRoute.h */,
				41C735561BDD13F800E01B84 /* NBRoute.m */,
				41C735571BDD13F800E01B84 /* NBRouteItem.h */,
				41C735581BDD13F800E01B84 /* NBRouteItem.m */,
				41398EE71BB45139008E9222 /* LineSearchTableViewController.h */,
				41398EE81BB45139008E9222 /* LineSearchTableViewController.m */,
			);
			name = tool;
			sourceTree = "<group>";
		};
		416876941BA1CE1900119267 /* set */ = {
			isa = PBXGroup;
			children = (
				410A3ABD1BAB041B0025206E /* SetTableViewController.h */,
				410A3ABE1BAB041B0025206E /* SetTableViewController.m */,
				412A15161BC68A8D006E87A0 /* cacheTableViewController.h */,
				412A15171BC68A8D006E87A0 /* cacheTableViewController.m */,
				412A15191BC68AEB006E87A0 /* addCacheTableViewController.h */,
				412A151A1BC68AEB006E87A0 /* addCacheTableViewController.m */,
				412A15661BC6CA37006E87A0 /* tucengTableViewController.h */,
				412A15671BC6CA37006E87A0 /* tucengTableViewController.m */,
				412A15691BC6CA48006E87A0 /* fanweiTableViewController.h */,
				412A156A1BC6CA48006E87A0 /* fanweiTableViewController.m */,
				412A156C1BC6CA56006E87A0 /* cengjiTableViewController.h */,
				412A156D1BC6CA56006E87A0 /* cengjiTableViewController.m */,
				415CA7431BC80A9A003D8347 /* myDrawTableViewController.h */,
				415CA7441BC80A9A003D8347 /* myDrawTableViewController.m */,
				415CA7461BC80FDB003D8347 /* myDrawTableViewCell.h */,
				415CA7471BC80FDB003D8347 /* myDrawTableViewCell.m */,
			);
			name = set;
			sourceTree = "<group>";
		};
		416876951BA1D02500119267 /* map */ = {
			isa = PBXGroup;
			children = (
				412A15581BC6AFE2006E87A0 /* WFS */,
				412A15551BC6AFC3006E87A0 /* TiandituQueryHelper.h */,
				412A15561BC6AFC3006E87A0 /* TiandituQueryHelper.m */,
				41B9534C1BB598E200FE6F35 /* CanvasView.m */,
				41B9534D1BB598E200FE6F35 /* CanvasView.h */,
				41E425E91BA86B7A009C0581 /* QueryParams.h */,
				41E425EA1BA86B7A009C0581 /* QueryParams.m */,
				41E425E41BA86B26009C0581 /* esriView.h */,
				41E425E51BA86B26009C0581 /* esriView.m */,
				41E425E61BA86B26009C0581 /* esriView.xib */,
				41750E1F1BD2978500A99384 /* LayersManagerTableViewController.h */,
				41750E201BD2978500A99384 /* LayersManagerTableViewController.m */,
			);
			name = map;
			sourceTree = "<group>";
		};
		417D01B71BA1E4CA00ADD996 /* dataManager */ = {
			isa = PBXGroup;
			children = (
				413D7E281BAF08ED00D972DB /* dataHttpManager.h */,
				413D7E291BAF08ED00D972DB /* dataHttpManager.m */,
			);
			name = dataManager;
			sourceTree = "<group>";
		};
		41E425DA1BA86958009C0581 /* tianditu */ = {
			isa = PBXGroup;
			children = (
				41E425E11BA86AAC009C0581 /* TianDiTuData.h */,
				41E425E21BA86AAC009C0581 /* TianDiTuData.m */,
				41E425CE1BA8694D009C0581 /* TianDiTuWMTSLayer.h */,
				41E425CF1BA8694D009C0581 /* TianDiTuWMTSLayer.m */,
				41E425D01BA8694D009C0581 /* TianDiTuWMTSLayerInfo.h */,
				41E425D11BA8694D009C0581 /* TianDiTuWMTSLayerInfo.m */,
				41E425D21BA8694D009C0581 /* TianDiTuWMTSLayerInfoDelegate.h */,
				41E425D31BA8694D009C0581 /* TianDiTuWMTSLayerInfoDelegate.m */,
				41E425D41BA8694D009C0581 /* TianDiTuWMTSTileOperation.h */,
				41E425D51BA8694D009C0581 /* TianDiTuWMTSTileOperation.m */,
			);
			name = tianditu;
			sourceTree = "<group>";
		};
		652407EDA660C0D97CBA1382 /* Frameworks */ = {
			isa = PBXGroup;
			children = (
				4162525F1BA92BFC002DB58D /* ArcGIS.framework */,
				4162525D1BA92A33002DB58D /* libxml2.2.dylib */,
				41E425EC1BA86CBE009C0581 /* libsqlite3.0.dylib */,
				41421DBF1B9DD743000DDFAF /* MobileCoreServices.framework */,
				41421DBD1B9DD73B000DDFAF /* libz.dylib */,
				41421DBB1B9DD72F000DDFAF /* MediaPlayer.framework */,
				41421DB91B9DD724000DDFAF /* QuartzCore.framework */,
				41421DB71B9DD71A000DDFAF /* CoreLocation.framework */,
				41421DB51B9DD713000DDFAF /* CoreText.framework */,
				41421DB31B9DD70B000DDFAF /* libstdc++.dylib */,
				41421DB11B9DD700000DDFAF /* Security.framework */,
				41421DAF1B9DD6F8000DDFAF /* SystemConfiguration.framework */,
				41421DAD1B9DD6EE000DDFAF /* CoreData.framework */,
				41421DAB1B9DD6E4000DDFAF /* CoreGraphics.framework */,
				41421DA91B9DD6D6000DDFAF /* UIKit.framework */,
				41421DA71B9DD6BF000DDFAF /* Foundation.framework */,
				41421DA51B9DD6B9000DDFAF /* CFNetwork.framework */,
				41421DA31B9DD6B3000DDFAF /* libxml2.dylib */,
				41421DA11B9DD6A3000DDFAF /* libstdc++.6.0.9.dylib */,
				41421D9F1B9DD697000DDFAF /* AdSupport.framework */,
				41421D9D1B9DD68F000DDFAF /* AddressBook.framework */,
				41421D9B1B9DD688000DDFAF /* AudioToolbox.framework */,
				41421D991B9DD682000DDFAF /* AVFoundation.framework */,
				41421D971B9DD67B000DDFAF /* AssetsLibrary.framework */,
				D1ADE15DC029A9099ED92F72 /* libPods-hzch.a */,
			);
			name = Frameworks;
			sourceTree = "<group>";
		};
		D59F2456D1FD2463978AE783 /* Pods */ = {
			isa = PBXGroup;
			children = (
				8CBD89930187A749CD0B1FBC /* Pods-hzch.debug.xcconfig */,
				3FA55E223829CAB96C6F7376 /* Pods-hzch.release.xcconfig */,
			);
			name = Pods;
			sourceTree = "<group>";
		};
/* End PBXGroup section */

/* Begin PBXNativeTarget section */
		410555EB1B9C729400B208E8 /* hzch */ = {
			isa = PBXNativeTarget;
			buildConfigurationList = 410556121B9C729400B208E8 /* Build configuration list for PBXNativeTarget "hzch" */;
			buildPhases = (
				10EA2595135C917F48B2B850 /* Check Pods Manifest.lock */,
				410555E81B9C729400B208E8 /* Sources */,
				410555E91B9C729400B208E8 /* Frameworks */,
				410555EA1B9C729400B208E8 /* Resources */,
				E3AF33D586E076A7E2DD1591 /* Copy Pods Resources */,
			);
			buildRules = (
			);
			dependencies = (
			);
			name = hzch;
			productName = hzch;
			productReference = 410555EC1B9C729400B208E8 /* hzch.app */;
			productType = "com.apple.product-type.application";
		};
/* End PBXNativeTarget section */

/* Begin PBXProject section */
		410555E41B9C729400B208E8 /* Project object */ = {
			isa = PBXProject;
			attributes = {
				LastUpgradeCheck = 0640;
				ORGANIZATIONNAME = xtturing;
				TargetAttributes = {
					410555EB1B9C729400B208E8 = {
						CreatedOnToolsVersion = 6.4;
					};
				};
			};
			buildConfigurationList = 410555E71B9C729400B208E8 /* Build configuration list for PBXProject "hzch" */;
			compatibilityVersion = "Xcode 3.2";
			developmentRegion = English;
			hasScannedForEncodings = 0;
			knownRegions = (
				en,
				Base,
			);
			mainGroup = 410555E31B9C729400B208E8;
			productRefGroup = 410555ED1B9C729400B208E8 /* Products */;
			projectDirPath = "";
			projectRoot = "";
			targets = (
				410555EB1B9C729400B208E8 /* hzch */,
			);
		};
/* End PBXProject section */

/* Begin PBXResourcesBuildPhase section */
		410555EA1B9C729400B208E8 /* Resources */ = {
			isa = PBXResourcesBuildPhase;
			buildActionMask = 2147483647;
			files = (
				41421DC91B9DD7F3000DDFAF /* Default@2x.png in Resources */,
				415A61101BADADFD001FA3FB /* RATreeCell.xib in Resources */,
				417DC3651BA9C5D500FA4394 /* Main.storyboard in Resources */,
				413D7DEC1BAF02CC00D972DB /* DowningCell.xib in Resources */,
				41421DC71B9DD7F3000DDFAF /* Default-568h@2x.png in Resources */,
				410556031B9C729400B208E8 /* LaunchScreen.xib in Resources */,
				41421DC81B9DD7F3000DDFAF /* Default.png in Resources */,
				41E425E81BA86B26009C0581 /* esriView.xib in Resources */,
				410A3AC41BAB13830025206E /* image.xcassets in Resources */,
			);
			runOnlyForDeploymentPostprocessing = 0;
		};
/* End PBXResourcesBuildPhase section */

/* Begin PBXShellScriptBuildPhase section */
		10EA2595135C917F48B2B850 /* Check Pods Manifest.lock */ = {
			isa = PBXShellScriptBuildPhase;
			buildActionMask = 2147483647;
			files = (
			);
			inputPaths = (
			);
			name = "Check Pods Manifest.lock";
			outputPaths = (
			);
			runOnlyForDeploymentPostprocessing = 0;
			shellPath = /bin/sh;
			shellScript = "diff \"${PODS_ROOT}/../Podfile.lock\" \"${PODS_ROOT}/Manifest.lock\" > /dev/null\nif [[ $? != 0 ]] ; then\n    cat << EOM\nerror: The sandbox is not in sync with the Podfile.lock. Run 'pod install' or update your CocoaPods installation.\nEOM\n    exit 1\nfi\n";
			showEnvVarsInLog = 0;
		};
		E3AF33D586E076A7E2DD1591 /* Copy Pods Resources */ = {
			isa = PBXShellScriptBuildPhase;
			buildActionMask = 2147483647;
			files = (
			);
			inputPaths = (
			);
			name = "Copy Pods Resources";
			outputPaths = (
			);
			runOnlyForDeploymentPostprocessing = 0;
			shellPath = /bin/sh;
			shellScript = "\"${SRCROOT}/Pods/Target Support Files/Pods-hzch/Pods-hzch-resources.sh\"\n";
			showEnvVarsInLog = 0;
		};
/* End PBXShellScriptBuildPhase section */

/* Begin PBXSourcesBuildPhase section */
		410555E81B9C729400B208E8 /* Sources */ = {
			isa = PBXSourcesBuildPhase;
			buildActionMask = 2147483647;
			files = (
				413D7E1F1BAF068C00D972DB /* CoreDataManager.m in Sources */,
				412A15531BC6AE12006E87A0 /* MapUtil.m in Sources */,
				413D7E231BAF068C00D972DB /* DownloadStoreManager.m in Sources */,
				412B398E1BB97B1700DD9151 /* NBSpatialData.m in Sources */,
				413D2B9E1BD34D8800490CC2 /* NBSearchVideoViewController.m in Sources */,
				41E425DD1BA869B2009C0581 /* NSConfigData.m in Sources */,
				412A156E1BC6CA56006E87A0 /* cengjiTableViewController.m in Sources */,
				4106DFF91BA1D7A900EF997D /* CLLocation+Sino.m in Sources */,
				412A154E1BC6AB5B006E87A0 /* shptree.c in Sources */,
				41E425EB1BA86B7A009C0581 /* QueryParams.m in Sources */,
				41B9534E1BB598E200FE6F35 /* CanvasView.m in Sources */,
				41E425E01BA86A56009C0581 /* NSConvert.m in Sources */,
				410555F51B9C729400B208E8 /* AppDelegate.m in Sources */,
				413C78FF1BBAE9D7005217F3 /* ResoureTableViewController.m in Sources */,
				413470071BBF46DA00FABEA8 /* NBSearchDetailTableViewController.m in Sources */,
				41C7355A1BDD13F800E01B84 /* NBRouteItem.m in Sources */,
				413D7DEF1BAF02CC00D972DB /* NBDownLoadViewController.m in Sources */,
				415CA7411BC7D23C003D8347 /* Draw.m in Sources */,
				412A152E1BC69318006E87A0 /* ActionSheetDistancePicker.m in Sources */,
				415A61361BADB4C9001FA3FB /* RATreeNodeInfo+Private.m in Sources */,
				415A61311BADB4C9001FA3FB /* RATreeView+Enums.m in Sources */,
				41533EF71BBDED96006C7D55 /* ResoureDetailTableViewController.m in Sources */,
				41E425D61BA8694D009C0581 /* TianDiTuWMTSLayer.m in Sources */,
				412A15541BC6AE12006E87A0 /* SketchUtil.m in Sources */,
				412A152D1BC69318006E87A0 /* ActionSheetDatePicker.m in Sources */,
				413C79021BBAEEEC005217F3 /* NBDepartMent.m in Sources */,
				412A15301BC69318006E87A0 /* DistancePickerView.m in Sources */,
				412A15601BC6AFF7006E87A0 /* GMLParser.m in Sources */,
				415A61351BADB4C9001FA3FB /* RATreeNodeInfo.m in Sources */,
				41750E211BD2978500A99384 /* LayersManagerTableViewController.m in Sources */,
				412A155F1BC6AFF7006E87A0 /* WFS.m in Sources */,
				413D7E211BAF068C00D972DB /* DownloadItemEntity.m in Sources */,
				413D7E221BAF068C00D972DB /* DownloadManager.m in Sources */,
				413D7E331BAF096400D972DB /* XMLReader.m in Sources */,
				415A61401BADB7BE001FA3FB /* RATreeCell.m in Sources */,
				415A61301BADB4C9001FA3FB /* RATreeView+Private.m in Sources */,
				41E425D81BA8694D009C0581 /* TianDiTuWMTSLayerInfoDelegate.m in Sources */,
				415A613B1BADB4E8001FA3FB /* RADataObject.m in Sources */,
				412A152B1BC69318006E87A0 /* AbstractActionSheetPicker.m in Sources */,
				413D7E0A1BAF033000D972DB /* DesEncrypt.m in Sources */,
				412A15681BC6CA37006E87A0 /* tucengTableViewController.m in Sources */,
				4106DFF81BA1D7A900EF997D /* NSDictionaryAdditions.m in Sources */,
				415CA73E1BC7D0EA003D8347 /* DBDraws.m in Sources */,
				41E425E71BA86B26009C0581 /* esriView.m in Sources */,
				413D7E0F1BAF049F00D972DB /* NBTpk.m in Sources */,
				410A3ABF1BAB041B0025206E /* SetTableViewController.m in Sources */,
				415CA7481BC80FDB003D8347 /* myDrawTableViewCell.m in Sources */,
				415A612F1BADB4C9001FA3FB /* RATreeView+TableViewDataSource.m in Sources */,
				41E425D71BA8694D009C0581 /* TianDiTuWMTSLayerInfo.m in Sources */,
				412A15351BC6A7F4006E87A0 /* ShpHelper.m in Sources */,
				413D7E2A1BAF08ED00D972DB /* dataHttpManager.m in Sources */,
				413C78FC1BBAE1D3005217F3 /* NBSearchTableViewController.m in Sources */,
				415A613C1BADB4E8001FA3FB /* RAViewController.m in Sources */,
				412A154D1BC6AB5B006E87A0 /* shpopen.c in Sources */,
				412A15611BC6AFF7006E87A0 /* OGCParser.m in Sources */,
				417DC3681BA9C69E00FA4394 /* ViewController.m in Sources */,
				413D2B9B1BD34D7600490CC2 /* NBSearchImageViewController.m in Sources */,
				41533EF41BBDE543006C7D55 /* NBGovment.m in Sources */,
				41C735591BDD13F800E01B84 /* NBRoute.m in Sources */,
				413D7DEB1BAF02CC00D972DB /* DowningCell.m in Sources */,
				41533EFA1BBDF47E006C7D55 /* NBSearch.m in Sources */,
				41E425D91BA8694D009C0581 /* TianDiTuWMTSTileOperation.m in Sources */,
				412A15181BC68A8D006E87A0 /* cacheTableViewController.m in Sources */,
				412A154C1BC6AB5B006E87A0 /* dbfopen.c in Sources */,
				410555F21B9C729400B208E8 /* main.mm in Sources */,
				412A15571BC6AFC3006E87A0 /* TiandituQueryHelper.m in Sources */,
				415A61331BADB4C9001FA3FB /* RATreeNode.m in Sources */,
				41398EE91BB45139008E9222 /* LineSearchTableViewController.m in Sources */,
				412A156B1BC6CA48006E87A0 /* fanweiTableViewController.m in Sources */,
				413D7E121BAF04B900D972DB /* Utility.m in Sources */,
				415A612E1BADB4C9001FA3FB /* RATreeView+TableViewDelegate.m in Sources */,
				413D7E201BAF068C00D972DB /* DownloadItem.m in Sources */,
				415A61321BADB4C9001FA3FB /* RATreeView+UIScrollView.m in Sources */,
				415F5E7E1BCAB08C009C0AAA /* mapViewController.m in Sources */,
				41750E241BD2ACAF00A99384 /* DrawSearchDetailTableViewController.m in Sources */,
				413D2BA11BD3EA3E00490CC2 /* ShowResourceTypeTableViewController.m in Sources */,
				413D7DED1BAF02CC00D972DB /* NBDownLoadManagerViewController.m in Sources */,
				413D7E241BAF068C00D972DB /* DwonloadModel.xcdatamodel in Sources */,
				4106DFF51BA1D7A900EF997D /* StringUtil.m in Sources */,
				412A15651BC6B46B006E87A0 /* XMLDictionary.m in Sources */,
				415A61341BADB4C9001FA3FB /* RATreeNodeCollectionController.m in Sources */,
				413D7E0B1BAF033000D972DB /* GTMBase64.m in Sources */,
				41E425E31BA86AAC009C0581 /* TianDiTuData.m in Sources */,
				41750E1E1BD2903000A99384 /* NBSearchCatalogDetailTableViewController.m in Sources */,
				413CD51C1BC2BE480069EC23 /* NBSearchCatalog.m in Sources */,
				412A152C1BC69318006E87A0 /* ActionSheetCustomPicker.m in Sources */,
				4106DFF71BA1D7A900EF997D /* NSDataAdditions.m in Sources */,
				41C7355D1BDD163500E01B84 /* NBSimpleRoute.m in Sources */,
				412A152F1BC69318006E87A0 /* ActionSheetStringPicker.m in Sources */,
				412A151B1BC68AEB006E87A0 /* addCacheTableViewController.m in Sources */,
				415CA7451BC80A9A003D8347 /* myDrawTableViewController.m in Sources */,
				415A612D1BADB4C9001FA3FB /* RATreeView.m in Sources */,
			);
			runOnlyForDeploymentPostprocessing = 0;
		};
/* End PBXSourcesBuildPhase section */

/* Begin PBXVariantGroup section */
		410556011B9C729400B208E8 /* LaunchScreen.xib */ = {
			isa = PBXVariantGroup;
			children = (
				410556021B9C729400B208E8 /* Base */,
			);
			name = LaunchScreen.xib;
			sourceTree = "<group>";
		};
/* End PBXVariantGroup section */

/* Begin XCBuildConfiguration section */
		410556101B9C729400B208E8 /* Debug */ = {
			isa = XCBuildConfiguration;
			buildSettings = {
				ALWAYS_SEARCH_USER_PATHS = NO;
				CLANG_CXX_LANGUAGE_STANDARD = "gnu++0x";
				CLANG_CXX_LIBRARY = "libc++";
				CLANG_ENABLE_MODULES = YES;
				CLANG_ENABLE_OBJC_ARC = YES;
				CLANG_WARN_BOOL_CONVERSION = YES;
				CLANG_WARN_CONSTANT_CONVERSION = YES;
				CLANG_WARN_DIRECT_OBJC_ISA_USAGE = YES_ERROR;
				CLANG_WARN_EMPTY_BODY = YES;
				CLANG_WARN_ENUM_CONVERSION = YES;
				CLANG_WARN_INT_CONVERSION = YES;
				CLANG_WARN_OBJC_ROOT_CLASS = YES_ERROR;
				CLANG_WARN_UNREACHABLE_CODE = YES;
				CLANG_WARN__DUPLICATE_METHOD_MATCH = YES;
				"CODE_SIGN_IDENTITY[sdk=iphoneos*]" = "iPhone Developer";
				COPY_PHASE_STRIP = NO;
				DEBUG_INFORMATION_FORMAT = "dwarf-with-dsym";
				ENABLE_STRICT_OBJC_MSGSEND = YES;
				GCC_C_LANGUAGE_STANDARD = gnu99;
				GCC_DYNAMIC_NO_PIC = NO;
				GCC_NO_COMMON_BLOCKS = YES;
				GCC_OPTIMIZATION_LEVEL = 0;
				GCC_PREPROCESSOR_DEFINITIONS = (
					"DEBUG=1",
					"$(inherited)",
				);
				GCC_SYMBOLS_PRIVATE_EXTERN = NO;
				GCC_WARN_64_TO_32_BIT_CONVERSION = YES;
				GCC_WARN_ABOUT_RETURN_TYPE = YES_ERROR;
				GCC_WARN_UNDECLARED_SELECTOR = YES;
				GCC_WARN_UNINITIALIZED_AUTOS = YES_AGGRESSIVE;
				GCC_WARN_UNUSED_FUNCTION = YES;
				GCC_WARN_UNUSED_VARIABLE = YES;
				IPHONEOS_DEPLOYMENT_TARGET = 8.4;
				MTL_ENABLE_DEBUG_INFO = YES;
				ONLY_ACTIVE_ARCH = YES;
				SDKROOT = iphoneos;
				TARGETED_DEVICE_FAMILY = "1,2";
			};
			name = Debug;
		};
		410556111B9C729400B208E8 /* Release */ = {
			isa = XCBuildConfiguration;
			buildSettings = {
				ALWAYS_SEARCH_USER_PATHS = NO;
				CLANG_CXX_LANGUAGE_STANDARD = "gnu++0x";
				CLANG_CXX_LIBRARY = "libc++";
				CLANG_ENABLE_MODULES = YES;
				CLANG_ENABLE_OBJC_ARC = YES;
				CLANG_WARN_BOOL_CONVERSION = YES;
				CLANG_WARN_CONSTANT_CONVERSION = YES;
				CLANG_WARN_DIRECT_OBJC_ISA_USAGE = YES_ERROR;
				CLANG_WARN_EMPTY_BODY = YES;
				CLANG_WARN_ENUM_CONVERSION = YES;
				CLANG_WARN_INT_CONVERSION = YES;
				CLANG_WARN_OBJC_ROOT_CLASS = YES_ERROR;
				CLANG_WARN_UNREACHABLE_CODE = YES;
				CLANG_WARN__DUPLICATE_METHOD_MATCH = YES;
				"CODE_SIGN_IDENTITY[sdk=iphoneos*]" = "iPhone Developer";
				COPY_PHASE_STRIP = NO;
				DEBUG_INFORMATION_FORMAT = "dwarf-with-dsym";
				ENABLE_NS_ASSERTIONS = NO;
				ENABLE_STRICT_OBJC_MSGSEND = YES;
				GCC_C_LANGUAGE_STANDARD = gnu99;
				GCC_NO_COMMON_BLOCKS = YES;
				GCC_WARN_64_TO_32_BIT_CONVERSION = YES;
				GCC_WARN_ABOUT_RETURN_TYPE = YES_ERROR;
				GCC_WARN_UNDECLARED_SELECTOR = YES;
				GCC_WARN_UNINITIALIZED_AUTOS = YES_AGGRESSIVE;
				GCC_WARN_UNUSED_FUNCTION = YES;
				GCC_WARN_UNUSED_VARIABLE = YES;
				IPHONEOS_DEPLOYMENT_TARGET = 8.4;
				MTL_ENABLE_DEBUG_INFO = NO;
				SDKROOT = iphoneos;
				TARGETED_DEVICE_FAMILY = "1,2";
				VALIDATE_PRODUCT = YES;
			};
			name = Release;
		};
		410556131B9C729400B208E8 /* Debug */ = {
			isa = XCBuildConfiguration;
			baseConfigurationReference = 8CBD89930187A749CD0B1FBC /* Pods-hzch.debug.xcconfig */;
			buildSettings = {
				ASSETCATALOG_COMPILER_APPICON_NAME = AppIcon;
				ASSETCATALOG_COMPILER_LAUNCHIMAGE_NAME = LaunchImage;
				FRAMEWORK_SEARCH_PATHS = (
					"$(inherited)",
					"$(PROJECT_DIR)",
				);
				GCC_PRECOMPILE_PREFIX_HEADER = YES;
				GCC_PREFIX_HEADER = hzch/PrefixHeader.pch;
				HEADER_SEARCH_PATHS = "";
				INFOPLIST_FILE = hzch/Info.plist;
				IPHONEOS_DEPLOYMENT_TARGET = 7.0;
				LD_RUNPATH_SEARCH_PATHS = "$(inherited) @executable_path/Frameworks";
				OTHER_LDFLAGS = (
					"-lstdc++",
					"$(inherited)",
					"-ObjC",
					"-framework",
					ArcGIS,
					"-l",
					"c++",
				);
				PRODUCT_NAME = "$(TARGET_NAME)";
			};
			name = Debug;
		};
		410556141B9C729400B208E8 /* Release */ = {
			isa = XCBuildConfiguration;
			baseConfigurationReference = 3FA55E223829CAB96C6F7376 /* Pods-hzch.release.xcconfig */;
			buildSettings = {
				ASSETCATALOG_COMPILER_APPICON_NAME = AppIcon;
				ASSETCATALOG_COMPILER_LAUNCHIMAGE_NAME = LaunchImage;
				FRAMEWORK_SEARCH_PATHS = (
					"$(inherited)",
					"$(PROJECT_DIR)",
				);
				GCC_PRECOMPILE_PREFIX_HEADER = YES;
				GCC_PREFIX_HEADER = hzch/PrefixHeader.pch;
				HEADER_SEARCH_PATHS = "";
				INFOPLIST_FILE = hzch/Info.plist;
				IPHONEOS_DEPLOYMENT_TARGET = 7.0;
				LD_RUNPATH_SEARCH_PATHS = "$(inherited) @executable_path/Frameworks";
				OTHER_LDFLAGS = (
					"-lstdc++",
					"$(inherited)",
					"-ObjC",
					"-framework",
					ArcGIS,
					"-l",
					"c++",
				);
				PRODUCT_NAME = "$(TARGET_NAME)";
			};
			name = Release;
		};
/* End XCBuildConfiguration section */

/* Begin XCConfigurationList section */
		410555E71B9C729400B208E8 /* Build configuration list for PBXProject "hzch" */ = {
			isa = XCConfigurationList;
			buildConfigurations = (
				410556101B9C729400B208E8 /* Debug */,
				410556111B9C729400B208E8 /* Release */,
			);
			defaultConfigurationIsVisible = 0;
			defaultConfigurationName = Release;
		};
		410556121B9C729400B208E8 /* Build configuration list for PBXNativeTarget "hzch" */ = {
			isa = XCConfigurationList;
			buildConfigurations = (
				410556131B9C729400B208E8 /* Debug */,
				410556141B9C729400B208E8 /* Release */,
			);
			defaultConfigurationIsVisible = 0;
			defaultConfigurationName = Release;
		};
/* End XCConfigurationList section */
	};
	rootObject = 410555E41B9C729400B208E8 /* Project object */;
}
