// !$*UTF8*$!
{
	archiveVersion = 1;
	classes = {
	};
	objectVersion = 46;
	objects = {

/* Begin PBXBuildFile section */
		320740C8AF33C64BBA0274AD /* libPods-hzch.a in Frameworks */ = {isa = PBXBuildFile; fileRef = CD3E8C73E5C425190C169241 /* libPods-hzch.a */; };
		410555F21B9C729400B208E8 /* main.m in Sources */ = {isa = PBXBuildFile; fileRef = 410555F11B9C729400B208E8 /* main.m */; };
		410555F51B9C729400B208E8 /* AppDelegate.m in Sources */ = {isa = PBXBuildFile; fileRef = 410555F41B9C729400B208E8 /* AppDelegate.m */; };
		410556001B9C729400B208E8 /* Images.xcassets in Resources */ = {isa = PBXBuildFile; fileRef = 410555FF1B9C729400B208E8 /* Images.xcassets */; };
		410556031B9C729400B208E8 /* LaunchScreen.xib in Resources */ = {isa = PBXBuildFile; fileRef = 410556011B9C729400B208E8 /* LaunchScreen.xib */; };
		4105560F1B9C729400B208E8 /* hzchTests.m in Sources */ = {isa = PBXBuildFile; fileRef = 4105560E1B9C729400B208E8 /* hzchTests.m */; };
		4106DFF51BA1D7A900EF997D /* StringUtil.m in Sources */ = {isa = PBXBuildFile; fileRef = 4106DFEB1BA1D7A900EF997D /* StringUtil.m */; };
		4106DFF71BA1D7A900EF997D /* NSDataAdditions.m in Sources */ = {isa = PBXBuildFile; fileRef = 4106DFEF1BA1D7A900EF997D /* NSDataAdditions.m */; };
		4106DFF81BA1D7A900EF997D /* NSDictionaryAdditions.m in Sources */ = {isa = PBXBuildFile; fileRef = 4106DFF11BA1D7A900EF997D /* NSDictionaryAdditions.m */; };
		4106DFF91BA1D7A900EF997D /* CLLocation+Sino.m in Sources */ = {isa = PBXBuildFile; fileRef = 4106DFF31BA1D7A900EF997D /* CLLocation+Sino.m */; };
		41421D981B9DD67B000DDFAF /* AssetsLibrary.framework in Frameworks */ = {isa = PBXBuildFile; fileRef = 41421D971B9DD67B000DDFAF /* AssetsLibrary.framework */; };
		41421D9A1B9DD682000DDFAF /* AVFoundation.framework in Frameworks */ = {isa = PBXBuildFile; fileRef = 41421D991B9DD682000DDFAF /* AVFoundation.framework */; };
		41421D9C1B9DD688000DDFAF /* AudioToolbox.framework in Frameworks */ = {isa = PBXBuildFile; fileRef = 41421D9B1B9DD688000DDFAF /* AudioToolbox.framework */; };
		41421D9E1B9DD68F000DDFAF /* AddressBook.framework in Frameworks */ = {isa = PBXBuildFile; fileRef = 41421D9D1B9DD68F000DDFAF /* AddressBook.framework */; };
		41421DA01B9DD697000DDFAF /* AdSupport.framework in Frameworks */ = {isa = PBXBuildFile; fileRef = 41421D9F1B9DD697000DDFAF /* AdSupport.framework */; };
		41421DA21B9DD6A3000DDFAF /* libstdc++.6.0.9.dylib in Frameworks */ = {isa = PBXBuildFile; fileRef = 41421DA11B9DD6A3000DDFAF /* libstdc++.6.0.9.dylib */; };
		41421DA41B9DD6B3000DDFAF /* libxml2.dylib in Frameworks */ = {isa = PBXBuildFile; fileRef = 41421DA31B9DD6B3000DDFAF /* libxml2.dylib */; };
		41421DA61B9DD6B9000DDFAF /* CFNetwork.framework in Frameworks */ = {isa = PBXBuildFile; fileRef = 41421DA51B9DD6B9000DDFAF /* CFNetwork.framework */; };
		41421DA81B9DD6BF000DDFAF /* Foundation.framework in Frameworks */ = {isa = PBXBuildFile; fileRef = 41421DA71B9DD6BF000DDFAF /* Foundation.framework */; };
		41421DAA1B9DD6D6000DDFAF /* UIKit.framework in Frameworks */ = {isa = PBXBuildFile; fileRef = 41421DA91B9DD6D6000DDFAF /* UIKit.framework */; };
		41421DAC1B9DD6E4000DDFAF /* CoreGraphics.framework in Frameworks */ = {isa = PBXBuildFile; fileRef = 41421DAB1B9DD6E4000DDFAF /* CoreGraphics.framework */; };
		41421DAE1B9DD6EE000DDFAF /* CoreData.framework in Frameworks */ = {isa = PBXBuildFile; fileRef = 41421DAD1B9DD6EE000DDFAF /* CoreData.framework */; };
		41421DB01B9DD6F8000DDFAF /* SystemConfiguration.framework in Frameworks */ = {isa = PBXBuildFile; fileRef = 41421DAF1B9DD6F8000DDFAF /* SystemConfiguration.framework */; };
		41421DB21B9DD700000DDFAF /* Security.framework in Frameworks */ = {isa = PBXBuildFile; fileRef = 41421DB11B9DD700000DDFAF /* Security.framework */; };
		41421DB41B9DD70B000DDFAF /* libstdc++.dylib in Frameworks */ = {isa = PBXBuildFile; fileRef = 41421DB31B9DD70B000DDFAF /* libstdc++.dylib */; };
		41421DB61B9DD713000DDFAF /* CoreText.framework in Frameworks */ = {isa = PBXBuildFile; fileRef = 41421DB51B9DD713000DDFAF /* CoreText.framework */; };
		41421DB81B9DD71A000DDFAF /* CoreLocation.framework in Frameworks */ = {isa = PBXBuildFile; fileRef = 41421DB71B9DD71A000DDFAF /* CoreLocation.framework */; };
		41421DBA1B9DD724000DDFAF /* QuartzCore.framework in Frameworks */ = {isa = PBXBuildFile; fileRef = 41421DB91B9DD724000DDFAF /* QuartzCore.framework */; };
		41421DBC1B9DD72F000DDFAF /* MediaPlayer.framework in Frameworks */ = {isa = PBXBuildFile; fileRef = 41421DBB1B9DD72F000DDFAF /* MediaPlayer.framework */; };
		41421DBE1B9DD73B000DDFAF /* libz.dylib in Frameworks */ = {isa = PBXBuildFile; fileRef = 41421DBD1B9DD73B000DDFAF /* libz.dylib */; };
		41421DC01B9DD743000DDFAF /* MobileCoreServices.framework in Frameworks */ = {isa = PBXBuildFile; fileRef = 41421DBF1B9DD743000DDFAF /* MobileCoreServices.framework */; };
		41421DC21B9DD777000DDFAF /* ArcGIS.framework in Frameworks */ = {isa = PBXBuildFile; fileRef = 41421DC11B9DD777000DDFAF /* ArcGIS.framework */; };
		41421DC71B9DD7F3000DDFAF /* Default-568h@2x.png in Resources */ = {isa = PBXBuildFile; fileRef = 41421DC41B9DD7F3000DDFAF /* Default-568h@2x.png */; };
		41421DC81B9DD7F3000DDFAF /* Default.png in Resources */ = {isa = PBXBuildFile; fileRef = 41421DC51B9DD7F3000DDFAF /* Default.png */; };
		41421DC91B9DD7F3000DDFAF /* Default@2x.png in Resources */ = {isa = PBXBuildFile; fileRef = 41421DC61B9DD7F3000DDFAF /* Default@2x.png */; };
		41E425D61BA8694D009C0581 /* TianDiTuWMTSLayer.m in Sources */ = {isa = PBXBuildFile; fileRef = 41E425CF1BA8694D009C0581 /* TianDiTuWMTSLayer.m */; };
		41E425D71BA8694D009C0581 /* TianDiTuWMTSLayerInfo.m in Sources */ = {isa = PBXBuildFile; fileRef = 41E425D11BA8694D009C0581 /* TianDiTuWMTSLayerInfo.m */; };
		41E425D81BA8694D009C0581 /* TianDiTuWMTSLayerInfoDelegate.m in Sources */ = {isa = PBXBuildFile; fileRef = 41E425D31BA8694D009C0581 /* TianDiTuWMTSLayerInfoDelegate.m */; };
		41E425D91BA8694D009C0581 /* TianDiTuWMTSTileOperation.m in Sources */ = {isa = PBXBuildFile; fileRef = 41E425D51BA8694D009C0581 /* TianDiTuWMTSTileOperation.m */; };
		41E425DD1BA869B2009C0581 /* NSConfigData.m in Sources */ = {isa = PBXBuildFile; fileRef = 41E425DC1BA869B2009C0581 /* NSConfigData.m */; };
		41E425E01BA86A56009C0581 /* NSConvert.m in Sources */ = {isa = PBXBuildFile; fileRef = 41E425DF1BA86A56009C0581 /* NSConvert.m */; };
		41E425E31BA86AAC009C0581 /* TianDiTuData.m in Sources */ = {isa = PBXBuildFile; fileRef = 41E425E21BA86AAC009C0581 /* TianDiTuData.m */; };
		41E425E71BA86B26009C0581 /* esriView.m in Sources */ = {isa = PBXBuildFile; fileRef = 41E425E51BA86B26009C0581 /* esriView.m */; };
		41E425E81BA86B26009C0581 /* esriView.xib in Resources */ = {isa = PBXBuildFile; fileRef = 41E425E61BA86B26009C0581 /* esriView.xib */; };
		41E425EB1BA86B7A009C0581 /* QueryParams.m in Sources */ = {isa = PBXBuildFile; fileRef = 41E425EA1BA86B7A009C0581 /* QueryParams.m */; };
		41E425ED1BA86CBE009C0581 /* libsqlite3.0.dylib in Frameworks */ = {isa = PBXBuildFile; fileRef = 41E425EC1BA86CBE009C0581 /* libsqlite3.0.dylib */; };
/* End PBXBuildFile section */

/* Begin PBXContainerItemProxy section */
		410556091B9C729400B208E8 /* PBXContainerItemProxy */ = {
			isa = PBXContainerItemProxy;
			containerPortal = 410555E41B9C729400B208E8 /* Project object */;
			proxyType = 1;
			remoteGlobalIDString = 410555EB1B9C729400B208E8;
			remoteInfo = hzch;
		};
/* End PBXContainerItemProxy section */

/* Begin PBXFileReference section */
		0AD16B1B7ACB02BA48094AC0 /* Pods-hzch.debug.xcconfig */ = {isa = PBXFileReference; includeInIndex = 1; lastKnownFileType = text.xcconfig; name = "Pods-hzch.debug.xcconfig"; path = "Pods/Target Support Files/Pods-hzch/Pods-hzch.debug.xcconfig"; sourceTree = "<group>"; };
		410555EC1B9C729400B208E8 /* hzch.app */ = {isa = PBXFileReference; explicitFileType = wrapper.application; includeInIndex = 0; path = hzch.app; sourceTree = BUILT_PRODUCTS_DIR; };
		410555F01B9C729400B208E8 /* Info.plist */ = {isa = PBXFileReference; lastKnownFileType = text.plist.xml; path = Info.plist; sourceTree = "<group>"; };
		410555F11B9C729400B208E8 /* main.m */ = {isa = PBXFileReference; lastKnownFileType = sourcecode.c.objc; path = main.m; sourceTree = "<group>"; };
		410555F31B9C729400B208E8 /* AppDelegate.h */ = {isa = PBXFileReference; lastKnownFileType = sourcecode.c.h; path = AppDelegate.h; sourceTree = "<group>"; };
		410555F41B9C729400B208E8 /* AppDelegate.m */ = {isa = PBXFileReference; lastKnownFileType = sourcecode.c.objc; path = AppDelegate.m; sourceTree = "<group>"; };
		410555FF1B9C729400B208E8 /* Images.xcassets */ = {isa = PBXFileReference; lastKnownFileType = folder.assetcatalog; path = Images.xcassets; sourceTree = "<group>"; };
		410556021B9C729400B208E8 /* Base */ = {isa = PBXFileReference; lastKnownFileType = file.xib; name = Base; path = Base.lproj/LaunchScreen.xib; sourceTree = "<group>"; };
		410556081B9C729400B208E8 /* hzchTests.xctest */ = {isa = PBXFileReference; explicitFileType = wrapper.cfbundle; includeInIndex = 0; path = hzchTests.xctest; sourceTree = BUILT_PRODUCTS_DIR; };
		4105560D1B9C729400B208E8 /* Info.plist */ = {isa = PBXFileReference; lastKnownFileType = text.plist.xml; path = Info.plist; sourceTree = "<group>"; };
		4105560E1B9C729400B208E8 /* hzchTests.m */ = {isa = PBXFileReference; lastKnownFileType = sourcecode.c.objc; path = hzchTests.m; sourceTree = "<group>"; };
		4106DFDC1BA1D68200EF997D /* PrefixHeader.pch */ = {isa = PBXFileReference; fileEncoding = 4; lastKnownFileType = sourcecode.c.h; path = PrefixHeader.pch; sourceTree = "<group>"; };
		4106DFEA1BA1D7A900EF997D /* StringUtil.h */ = {isa = PBXFileReference; fileEncoding = 4; lastKnownFileType = sourcecode.c.h; path = StringUtil.h; sourceTree = "<group>"; };
		4106DFEB1BA1D7A900EF997D /* StringUtil.m */ = {isa = PBXFileReference; fileEncoding = 4; lastKnownFileType = sourcecode.c.objc; path = StringUtil.m; sourceTree = "<group>"; };
		4106DFEE1BA1D7A900EF997D /* NSDataAdditions.h */ = {isa = PBXFileReference; fileEncoding = 4; lastKnownFileType = sourcecode.c.h; path = NSDataAdditions.h; sourceTree = "<group>"; };
		4106DFEF1BA1D7A900EF997D /* NSDataAdditions.m */ = {isa = PBXFileReference; fileEncoding = 4; lastKnownFileType = sourcecode.c.objc; path = NSDataAdditions.m; sourceTree = "<group>"; };
		4106DFF01BA1D7A900EF997D /* NSDictionaryAdditions.h */ = {isa = PBXFileReference; fileEncoding = 4; lastKnownFileType = sourcecode.c.h; path = NSDictionaryAdditions.h; sourceTree = "<group>"; };
		4106DFF11BA1D7A900EF997D /* NSDictionaryAdditions.m */ = {isa = PBXFileReference; fileEncoding = 4; lastKnownFileType = sourcecode.c.objc; path = NSDictionaryAdditions.m; sourceTree = "<group>"; };
		4106DFF21BA1D7A900EF997D /* CLLocation+Sino.h */ = {isa = PBXFileReference; fileEncoding = 4; lastKnownFileType = sourcecode.c.h; path = "CLLocation+Sino.h"; sourceTree = "<group>"; };
		4106DFF31BA1D7A900EF997D /* CLLocation+Sino.m */ = {isa = PBXFileReference; fileEncoding = 4; lastKnownFileType = sourcecode.c.objc; path = "CLLocation+Sino.m"; sourceTree = "<group>"; };
		41421D971B9DD67B000DDFAF /* AssetsLibrary.framework */ = {isa = PBXFileReference; lastKnownFileType = wrapper.framework; name = AssetsLibrary.framework; path = System/Library/Frameworks/AssetsLibrary.framework; sourceTree = SDKROOT; };
		41421D991B9DD682000DDFAF /* AVFoundation.framework */ = {isa = PBXFileReference; lastKnownFileType = wrapper.framework; name = AVFoundation.framework; path = System/Library/Frameworks/AVFoundation.framework; sourceTree = SDKROOT; };
		41421D9B1B9DD688000DDFAF /* AudioToolbox.framework */ = {isa = PBXFileReference; lastKnownFileType = wrapper.framework; name = AudioToolbox.framework; path = System/Library/Frameworks/AudioToolbox.framework; sourceTree = SDKROOT; };
		41421D9D1B9DD68F000DDFAF /* AddressBook.framework */ = {isa = PBXFileReference; lastKnownFileType = wrapper.framework; name = AddressBook.framework; path = System/Library/Frameworks/AddressBook.framework; sourceTree = SDKROOT; };
		41421D9F1B9DD697000DDFAF /* AdSupport.framework */ = {isa = PBXFileReference; lastKnownFileType = wrapper.framework; name = AdSupport.framework; path = System/Library/Frameworks/AdSupport.framework; sourceTree = SDKROOT; };
		41421DA11B9DD6A3000DDFAF /* libstdc++.6.0.9.dylib */ = {isa = PBXFileReference; lastKnownFileType = "compiled.mach-o.dylib"; name = "libstdc++.6.0.9.dylib"; path = "usr/lib/libstdc++.6.0.9.dylib"; sourceTree = SDKROOT; };
		41421DA31B9DD6B3000DDFAF /* libxml2.dylib */ = {isa = PBXFileReference; lastKnownFileType = "compiled.mach-o.dylib"; name = libxml2.dylib; path = usr/lib/libxml2.dylib; sourceTree = SDKROOT; };
		41421DA51B9DD6B9000DDFAF /* CFNetwork.framework */ = {isa = PBXFileReference; lastKnownFileType = wrapper.framework; name = CFNetwork.framework; path = System/Library/Frameworks/CFNetwork.framework; sourceTree = SDKROOT; };
		41421DA71B9DD6BF000DDFAF /* Foundation.framework */ = {isa = PBXFileReference; lastKnownFileType = wrapper.framework; name = Foundation.framework; path = System/Library/Frameworks/Foundation.framework; sourceTree = SDKROOT; };
		41421DA91B9DD6D6000DDFAF /* UIKit.framework */ = {isa = PBXFileReference; lastKnownFileType = wrapper.framework; name = UIKit.framework; path = System/Library/Frameworks/UIKit.framework; sourceTree = SDKROOT; };
		41421DAB1B9DD6E4000DDFAF /* CoreGraphics.framework */ = {isa = PBXFileReference; lastKnownFileType = wrapper.framework; name = CoreGraphics.framework; path = System/Library/Frameworks/CoreGraphics.framework; sourceTree = SDKROOT; };
		41421DAD1B9DD6EE000DDFAF /* CoreData.framework */ = {isa = PBXFileReference; lastKnownFileType = wrapper.framework; name = CoreData.framework; path = System/Library/Frameworks/CoreData.framework; sourceTree = SDKROOT; };
		41421DAF1B9DD6F8000DDFAF /* SystemConfiguration.framework */ = {isa = PBXFileReference; lastKnownFileType = wrapper.framework; name = SystemConfiguration.framework; path = System/Library/Frameworks/SystemConfiguration.framework; sourceTree = SDKROOT; };
		41421DB11B9DD700000DDFAF /* Security.framework */ = {isa = PBXFileReference; lastKnownFileType = wrapper.framework; name = Security.framework; path = System/Library/Frameworks/Security.framework; sourceTree = SDKROOT; };
		41421DB31B9DD70B000DDFAF /* libstdc++.dylib */ = {isa = PBXFileReference; lastKnownFileType = "compiled.mach-o.dylib"; name = "libstdc++.dylib"; path = "usr/lib/libstdc++.dylib"; sourceTree = SDKROOT; };
		41421DB51B9DD713000DDFAF /* CoreText.framework */ = {isa = PBXFileReference; lastKnownFileType = wrapper.framework; name = CoreText.framework; path = System/Library/Frameworks/CoreText.framework; sourceTree = SDKROOT; };
		41421DB71B9DD71A000DDFAF /* CoreLocation.framework */ = {isa = PBXFileReference; lastKnownFileType = wrapper.framework; name = CoreLocation.framework; path = System/Library/Frameworks/CoreLocation.framework; sourceTree = SDKROOT; };
		41421DB91B9DD724000DDFAF /* QuartzCore.framework */ = {isa = PBXFileReference; lastKnownFileType = wrapper.framework; name = QuartzCore.framework; path = System/Library/Frameworks/QuartzCore.framework; sourceTree = SDKROOT; };
		41421DBB1B9DD72F000DDFAF /* MediaPlayer.framework */ = {isa = PBXFileReference; lastKnownFileType = wrapper.framework; name = MediaPlayer.framework; path = System/Library/Frameworks/MediaPlayer.framework; sourceTree = SDKROOT; };
		41421DBD1B9DD73B000DDFAF /* libz.dylib */ = {isa = PBXFileReference; lastKnownFileType = "compiled.mach-o.dylib"; name = libz.dylib; path = usr/lib/libz.dylib; sourceTree = SDKROOT; };
		41421DBF1B9DD743000DDFAF /* MobileCoreServices.framework */ = {isa = PBXFileReference; lastKnownFileType = wrapper.framework; name = MobileCoreServices.framework; path = System/Library/Frameworks/MobileCoreServices.framework; sourceTree = SDKROOT; };
		41421DC11B9DD777000DDFAF /* ArcGIS.framework */ = {isa = PBXFileReference; lastKnownFileType = wrapper.framework; name = ArcGIS.framework; path = "../qdzl 2/ArcGIS.framework"; sourceTree = "<group>"; };
		41421DC41B9DD7F3000DDFAF /* Default-568h@2x.png */ = {isa = PBXFileReference; lastKnownFileType = image.png; path = "Default-568h@2x.png"; sourceTree = "<group>"; };
		41421DC51B9DD7F3000DDFAF /* Default.png */ = {isa = PBXFileReference; lastKnownFileType = image.png; path = Default.png; sourceTree = "<group>"; };
		41421DC61B9DD7F3000DDFAF /* Default@2x.png */ = {isa = PBXFileReference; lastKnownFileType = image.png; path = "Default@2x.png"; sourceTree = "<group>"; };
		41E425CE1BA8694D009C0581 /* TianDiTuWMTSLayer.h */ = {isa = PBXFileReference; fileEncoding = 4; lastKnownFileType = sourcecode.c.h; path = TianDiTuWMTSLayer.h; sourceTree = "<group>"; };
		41E425CF1BA8694D009C0581 /* TianDiTuWMTSLayer.m */ = {isa = PBXFileReference; fileEncoding = 4; lastKnownFileType = sourcecode.c.objc; path = TianDiTuWMTSLayer.m; sourceTree = "<group>"; };
		41E425D01BA8694D009C0581 /* TianDiTuWMTSLayerInfo.h */ = {isa = PBXFileReference; fileEncoding = 4; lastKnownFileType = sourcecode.c.h; path = TianDiTuWMTSLayerInfo.h; sourceTree = "<group>"; };
		41E425D11BA8694D009C0581 /* TianDiTuWMTSLayerInfo.m */ = {isa = PBXFileReference; fileEncoding = 4; lastKnownFileType = sourcecode.c.objc; path = TianDiTuWMTSLayerInfo.m; sourceTree = "<group>"; };
		41E425D21BA8694D009C0581 /* TianDiTuWMTSLayerInfoDelegate.h */ = {isa = PBXFileReference; fileEncoding = 4; lastKnownFileType = sourcecode.c.h; path = TianDiTuWMTSLayerInfoDelegate.h; sourceTree = "<group>"; };
		41E425D31BA8694D009C0581 /* TianDiTuWMTSLayerInfoDelegate.m */ = {isa = PBXFileReference; fileEncoding = 4; lastKnownFileType = sourcecode.c.objc; path = TianDiTuWMTSLayerInfoDelegate.m; sourceTree = "<group>"; };
		41E425D41BA8694D009C0581 /* TianDiTuWMTSTileOperation.h */ = {isa = PBXFileReference; fileEncoding = 4; lastKnownFileType = sourcecode.c.h; path = TianDiTuWMTSTileOperation.h; sourceTree = "<group>"; };
		41E425D51BA8694D009C0581 /* TianDiTuWMTSTileOperation.m */ = {isa = PBXFileReference; fileEncoding = 4; lastKnownFileType = sourcecode.c.objc; path = TianDiTuWMTSTileOperation.m; sourceTree = "<group>"; };
		41E425DB1BA869B2009C0581 /* NSConfigData.h */ = {isa = PBXFileReference; fileEncoding = 4; lastKnownFileType = sourcecode.c.h; path = NSConfigData.h; sourceTree = "<group>"; };
		41E425DC1BA869B2009C0581 /* NSConfigData.m */ = {isa = PBXFileReference; fileEncoding = 4; lastKnownFileType = sourcecode.c.objc; path = NSConfigData.m; sourceTree = "<group>"; };
		41E425DE1BA86A56009C0581 /* NSConvert.h */ = {isa = PBXFileReference; fileEncoding = 4; lastKnownFileType = sourcecode.c.h; path = NSConvert.h; sourceTree = "<group>"; };
		41E425DF1BA86A56009C0581 /* NSConvert.m */ = {isa = PBXFileReference; fileEncoding = 4; lastKnownFileType = sourcecode.c.objc; path = NSConvert.m; sourceTree = "<group>"; };
		41E425E11BA86AAC009C0581 /* TianDiTuData.h */ = {isa = PBXFileReference; fileEncoding = 4; lastKnownFileType = sourcecode.c.h; path = TianDiTuData.h; sourceTree = "<group>"; };
		41E425E21BA86AAC009C0581 /* TianDiTuData.m */ = {isa = PBXFileReference; fileEncoding = 4; lastKnownFileType = sourcecode.c.objc; path = TianDiTuData.m; sourceTree = "<group>"; };
		41E425E41BA86B26009C0581 /* esriView.h */ = {isa = PBXFileReference; fileEncoding = 4; lastKnownFileType = sourcecode.c.h; path = esriView.h; sourceTree = "<group>"; };
		41E425E51BA86B26009C0581 /* esriView.m */ = {isa = PBXFileReference; fileEncoding = 4; lastKnownFileType = sourcecode.c.objc; path = esriView.m; sourceTree = "<group>"; };
		41E425E61BA86B26009C0581 /* esriView.xib */ = {isa = PBXFileReference; fileEncoding = 4; lastKnownFileType = file.xib; path = esriView.xib; sourceTree = "<group>"; };
		41E425E91BA86B7A009C0581 /* QueryParams.h */ = {isa = PBXFileReference; fileEncoding = 4; lastKnownFileType = sourcecode.c.h; path = QueryParams.h; sourceTree = "<group>"; };
		41E425EA1BA86B7A009C0581 /* QueryParams.m */ = {isa = PBXFileReference; fileEncoding = 4; lastKnownFileType = sourcecode.c.objc; path = QueryParams.m; sourceTree = "<group>"; };
		41E425EC1BA86CBE009C0581 /* libsqlite3.0.dylib */ = {isa = PBXFileReference; lastKnownFileType = "compiled.mach-o.dylib"; name = libsqlite3.0.dylib; path = usr/lib/libsqlite3.0.dylib; sourceTree = SDKROOT; };
		6BCCEBC68C9C28663761609C /* Pods-hzch.release.xcconfig */ = {isa = PBXFileReference; includeInIndex = 1; lastKnownFileType = text.xcconfig; name = "Pods-hzch.release.xcconfig"; path = "Pods/Target Support Files/Pods-hzch/Pods-hzch.release.xcconfig"; sourceTree = "<group>"; };
		CD3E8C73E5C425190C169241 /* libPods-hzch.a */ = {isa = PBXFileReference; explicitFileType = archive.ar; includeInIndex = 0; path = "libPods-hzch.a"; sourceTree = BUILT_PRODUCTS_DIR; };
/* End PBXFileReference section */

/* Begin PBXFrameworksBuildPhase section */
		410555E91B9C729400B208E8 /* Frameworks */ = {
			isa = PBXFrameworksBuildPhase;
			buildActionMask = 2147483647;
			files = (
				41E425ED1BA86CBE009C0581 /* libsqlite3.0.dylib in Frameworks */,
				41421DC21B9DD777000DDFAF /* ArcGIS.framework in Frameworks */,
				41421DC01B9DD743000DDFAF /* MobileCoreServices.framework in Frameworks */,
				41421DBE1B9DD73B000DDFAF /* libz.dylib in Frameworks */,
				41421DBC1B9DD72F000DDFAF /* MediaPlayer.framework in Frameworks */,
				41421DBA1B9DD724000DDFAF /* QuartzCore.framework in Frameworks */,
				41421DB81B9DD71A000DDFAF /* CoreLocation.framework in Frameworks */,
				41421DB61B9DD713000DDFAF /* CoreText.framework in Frameworks */,
				41421DB41B9DD70B000DDFAF /* libstdc++.dylib in Frameworks */,
				41421DB21B9DD700000DDFAF /* Security.framework in Frameworks */,
				41421DB01B9DD6F8000DDFAF /* SystemConfiguration.framework in Frameworks */,
				41421DAE1B9DD6EE000DDFAF /* CoreData.framework in Frameworks */,
				41421DAC1B9DD6E4000DDFAF /* CoreGraphics.framework in Frameworks */,
				41421DAA1B9DD6D6000DDFAF /* UIKit.framework in Frameworks */,
				41421DA81B9DD6BF000DDFAF /* Foundation.framework in Frameworks */,
				41421DA61B9DD6B9000DDFAF /* CFNetwork.framework in Frameworks */,
				41421DA41B9DD6B3000DDFAF /* libxml2.dylib in Frameworks */,
				41421DA21B9DD6A3000DDFAF /* libstdc++.6.0.9.dylib in Frameworks */,
				41421DA01B9DD697000DDFAF /* AdSupport.framework in Frameworks */,
				41421D9E1B9DD68F000DDFAF /* AddressBook.framework in Frameworks */,
				41421D9C1B9DD688000DDFAF /* AudioToolbox.framework in Frameworks */,
				41421D9A1B9DD682000DDFAF /* AVFoundation.framework in Frameworks */,
				41421D981B9DD67B000DDFAF /* AssetsLibrary.framework in Frameworks */,
				320740C8AF33C64BBA0274AD /* libPods-hzch.a in Frameworks */,
			);
			runOnlyForDeploymentPostprocessing = 0;
		};
		410556051B9C729400B208E8 /* Frameworks */ = {
			isa = PBXFrameworksBuildPhase;
			buildActionMask = 2147483647;
			files = (
			);
			runOnlyForDeploymentPostprocessing = 0;
		};
/* End PBXFrameworksBuildPhase section */

/* Begin PBXGroup section */
		410555E31B9C729400B208E8 = {
			isa = PBXGroup;
			children = (
				652407EDA660C0D97CBA1382 /* Frameworks */,
				410555EE1B9C729400B208E8 /* hzch */,
				4105560B1B9C729400B208E8 /* hzchTests */,
				B43BCB53BFA2515899CAAF11 /* Pods */,
				410555ED1B9C729400B208E8 /* Products */,
			);
			sourceTree = "<group>";
		};
		410555ED1B9C729400B208E8 /* Products */ = {
			isa = PBXGroup;
			children = (
				410555EC1B9C729400B208E8 /* hzch.app */,
				410556081B9C729400B208E8 /* hzchTests.xctest */,
			);
			name = Products;
			sourceTree = "<group>";
		};
		410555EE1B9C729400B208E8 /* hzch */ = {
			isa = PBXGroup;
			children = (
				417D01B71BA1E4CA00ADD996 /* dataManager */,
				4106DFE71BA1D78D00EF997D /* categary */,
				416876951BA1D02500119267 /* map */,
				416876941BA1CE1900119267 /* set */,
				416876931BA1CE0800119267 /* tool */,
				416876921BA1CDDF00119267 /* dataShow */,
				416876911BA1CD9C00119267 /* resourceCenter */,
				41421DCA1B9DD954000DDFAF /* kit */,
				410555F31B9C729400B208E8 /* AppDelegate.h */,
				410555F41B9C729400B208E8 /* AppDelegate.m */,
				410555FF1B9C729400B208E8 /* Images.xcassets */,
				410556011B9C729400B208E8 /* LaunchScreen.xib */,
				410555EF1B9C729400B208E8 /* Supporting Files */,
			);
			path = hzch;
			sourceTree = "<group>";
		};
		410555EF1B9C729400B208E8 /* Supporting Files */ = {
			isa = PBXGroup;
			children = (
				41421DC41B9DD7F3000DDFAF /* Default-568h@2x.png */,
				41421DC51B9DD7F3000DDFAF /* Default.png */,
				41421DC61B9DD7F3000DDFAF /* Default@2x.png */,
				410555F01B9C729400B208E8 /* Info.plist */,
				410555F11B9C729400B208E8 /* main.m */,
				4106DFDC1BA1D68200EF997D /* PrefixHeader.pch */,
			);
			name = "Supporting Files";
			sourceTree = "<group>";
		};
		4105560B1B9C729400B208E8 /* hzchTests */ = {
			isa = PBXGroup;
			children = (
				4105560E1B9C729400B208E8 /* hzchTests.m */,
				4105560C1B9C729400B208E8 /* Supporting Files */,
			);
			path = hzchTests;
			sourceTree = "<group>";
		};
		4105560C1B9C729400B208E8 /* Supporting Files */ = {
			isa = PBXGroup;
			children = (
				4105560D1B9C729400B208E8 /* Info.plist */,
			);
			name = "Supporting Files";
			sourceTree = "<group>";
		};
		4106DFE71BA1D78D00EF997D /* categary */ = {
			isa = PBXGroup;
			children = (
				41E425DE1BA86A56009C0581 /* NSConvert.h */,
				41E425DF1BA86A56009C0581 /* NSConvert.m */,
				41E425DB1BA869B2009C0581 /* NSConfigData.h */,
				41E425DC1BA869B2009C0581 /* NSConfigData.m */,
				4106DFEA1BA1D7A900EF997D /* StringUtil.h */,
				4106DFEB1BA1D7A900EF997D /* StringUtil.m */,
				4106DFEE1BA1D7A900EF997D /* NSDataAdditions.h */,
				4106DFEF1BA1D7A900EF997D /* NSDataAdditions.m */,
				4106DFF01BA1D7A900EF997D /* NSDictionaryAdditions.h */,
				4106DFF11BA1D7A900EF997D /* NSDictionaryAdditions.m */,
				4106DFF21BA1D7A900EF997D /* CLLocation+Sino.h */,
				4106DFF31BA1D7A900EF997D /* CLLocation+Sino.m */,
			);
			name = categary;
			sourceTree = "<group>";
		};
		41421DCA1B9DD954000DDFAF /* kit */ = {
			isa = PBXGroup;
			children = (
				41E425DA1BA86958009C0581 /* tianditu */,
			);
			name = kit;
			sourceTree = "<group>";
		};
		416876911BA1CD9C00119267 /* resourceCenter */ = {
			isa = PBXGroup;
			children = (
			);
			name = resourceCenter;
			sourceTree = "<group>";
		};
		416876921BA1CDDF00119267 /* dataShow */ = {
			isa = PBXGroup;
			children = (
			);
			name = dataShow;
			sourceTree = "<group>";
		};
		416876931BA1CE0800119267 /* tool */ = {
			isa = PBXGroup;
			children = (
			);
			name = tool;
			sourceTree = "<group>";
		};
		416876941BA1CE1900119267 /* set */ = {
			isa = PBXGroup;
			children = (
			);
			name = set;
			sourceTree = "<group>";
		};
		416876951BA1D02500119267 /* map */ = {
			isa = PBXGroup;
			children = (
				41E425E91BA86B7A009C0581 /* QueryParams.h */,
				41E425EA1BA86B7A009C0581 /* QueryParams.m */,
				41E425E41BA86B26009C0581 /* esriView.h */,
				41E425E51BA86B26009C0581 /* esriView.m */,
				41E425E61BA86B26009C0581 /* esriView.xib */,
			);
			name = map;
			sourceTree = "<group>";
		};
		417D01B71BA1E4CA00ADD996 /* dataManager */ = {
			isa = PBXGroup;
			children = (
			);
			name = dataManager;
			sourceTree = "<group>";
		};
		41E425DA1BA86958009C0581 /* tianditu */ = {
			isa = PBXGroup;
			children = (
				41E425E11BA86AAC009C0581 /* TianDiTuData.h */,
				41E425E21BA86AAC009C0581 /* TianDiTuData.m */,
				41E425CE1BA8694D009C0581 /* TianDiTuWMTSLayer.h */,
				41E425CF1BA8694D009C0581 /* TianDiTuWMTSLayer.m */,
				41E425D01BA8694D009C0581 /* TianDiTuWMTSLayerInfo.h */,
				41E425D11BA8694D009C0581 /* TianDiTuWMTSLayerInfo.m */,
				41E425D21BA8694D009C0581 /* TianDiTuWMTSLayerInfoDelegate.h */,
				41E425D31BA8694D009C0581 /* TianDiTuWMTSLayerInfoDelegate.m */,
				41E425D41BA8694D009C0581 /* TianDiTuWMTSTileOperation.h */,
				41E425D51BA8694D009C0581 /* TianDiTuWMTSTileOperation.m */,
			);
			name = tianditu;
			sourceTree = "<group>";
		};
		652407EDA660C0D97CBA1382 /* Frameworks */ = {
			isa = PBXGroup;
			children = (
				41E425EC1BA86CBE009C0581 /* libsqlite3.0.dylib */,
				41421DC11B9DD777000DDFAF /* ArcGIS.framework */,
				41421DBF1B9DD743000DDFAF /* MobileCoreServices.framework */,
				41421DBD1B9DD73B000DDFAF /* libz.dylib */,
				41421DBB1B9DD72F000DDFAF /* MediaPlayer.framework */,
				41421DB91B9DD724000DDFAF /* QuartzCore.framework */,
				41421DB71B9DD71A000DDFAF /* CoreLocation.framework */,
				41421DB51B9DD713000DDFAF /* CoreText.framework */,
				41421DB31B9DD70B000DDFAF /* libstdc++.dylib */,
				41421DB11B9DD700000DDFAF /* Security.framework */,
				41421DAF1B9DD6F8000DDFAF /* SystemConfiguration.framework */,
				41421DAD1B9DD6EE000DDFAF /* CoreData.framework */,
				41421DAB1B9DD6E4000DDFAF /* CoreGraphics.framework */,
				41421DA91B9DD6D6000DDFAF /* UIKit.framework */,
				41421DA71B9DD6BF000DDFAF /* Foundation.framework */,
				41421DA51B9DD6B9000DDFAF /* CFNetwork.framework */,
				41421DA31B9DD6B3000DDFAF /* libxml2.dylib */,
				41421DA11B9DD6A3000DDFAF /* libstdc++.6.0.9.dylib */,
				41421D9F1B9DD697000DDFAF /* AdSupport.framework */,
				41421D9D1B9DD68F000DDFAF /* AddressBook.framework */,
				41421D9B1B9DD688000DDFAF /* AudioToolbox.framework */,
				41421D991B9DD682000DDFAF /* AVFoundation.framework */,
				41421D971B9DD67B000DDFAF /* AssetsLibrary.framework */,
				CD3E8C73E5C425190C169241 /* libPods-hzch.a */,
			);
			name = Frameworks;
			sourceTree = "<group>";
		};
		B43BCB53BFA2515899CAAF11 /* Pods */ = {
			isa = PBXGroup;
			children = (
				0AD16B1B7ACB02BA48094AC0 /* Pods-hzch.debug.xcconfig */,
				6BCCEBC68C9C28663761609C /* Pods-hzch.release.xcconfig */,
			);
			name = Pods;
			sourceTree = "<group>";
		};
/* End PBXGroup section */

/* Begin PBXNativeTarget section */
		410555EB1B9C729400B208E8 /* hzch */ = {
			isa = PBXNativeTarget;
			buildConfigurationList = 410556121B9C729400B208E8 /* Build configuration list for PBXNativeTarget "hzch" */;
			buildPhases = (
				10EA2595135C917F48B2B850 /* Check Pods Manifest.lock */,
				410555E81B9C729400B208E8 /* Sources */,
				410555E91B9C729400B208E8 /* Frameworks */,
				410555EA1B9C729400B208E8 /* Resources */,
				E3AF33D586E076A7E2DD1591 /* Copy Pods Resources */,
			);
			buildRules = (
			);
			dependencies = (
			);
			name = hzch;
			productName = hzch;
			productReference = 410555EC1B9C729400B208E8 /* hzch.app */;
			productType = "com.apple.product-type.application";
		};
		410556071B9C729400B208E8 /* hzchTests */ = {
			isa = PBXNativeTarget;
			buildConfigurationList = 410556151B9C729400B208E8 /* Build configuration list for PBXNativeTarget "hzchTests" */;
			buildPhases = (
				410556041B9C729400B208E8 /* Sources */,
				410556051B9C729400B208E8 /* Frameworks */,
				410556061B9C729400B208E8 /* Resources */,
			);
			buildRules = (
			);
			dependencies = (
				4105560A1B9C729400B208E8 /* PBXTargetDependency */,
			);
			name = hzchTests;
			productName = hzchTests;
			productReference = 410556081B9C729400B208E8 /* hzchTests.xctest */;
			productType = "com.apple.product-type.bundle.unit-test";
		};
/* End PBXNativeTarget section */

/* Begin PBXProject section */
		410555E41B9C729400B208E8 /* Project object */ = {
			isa = PBXProject;
			attributes = {
				LastUpgradeCheck = 0640;
				ORGANIZATIONNAME = xtturing;
				TargetAttributes = {
					410555EB1B9C729400B208E8 = {
						CreatedOnToolsVersion = 6.4;
					};
					410556071B9C729400B208E8 = {
						CreatedOnToolsVersion = 6.4;
						TestTargetID = 410555EB1B9C729400B208E8;
					};
				};
			};
			buildConfigurationList = 410555E71B9C729400B208E8 /* Build configuration list for PBXProject "hzch" */;
			compatibilityVersion = "Xcode 3.2";
			developmentRegion = English;
			hasScannedForEncodings = 0;
			knownRegions = (
				en,
				Base,
			);
			mainGroup = 410555E31B9C729400B208E8;
			productRefGroup = 410555ED1B9C729400B208E8 /* Products */;
			projectDirPath = "";
			projectRoot = "";
			targets = (
				410555EB1B9C729400B208E8 /* hzch */,
				410556071B9C729400B208E8 /* hzchTests */,
			);
		};
/* End PBXProject section */

/* Begin PBXResourcesBuildPhase section */
		410555EA1B9C729400B208E8 /* Resources */ = {
			isa = PBXResourcesBuildPhase;
			buildActionMask = 2147483647;
			files = (
				41421DC91B9DD7F3000DDFAF /* Default@2x.png in Resources */,
				41421DC71B9DD7F3000DDFAF /* Default-568h@2x.png in Resources */,
				410556031B9C729400B208E8 /* LaunchScreen.xib in Resources */,
				410556001B9C729400B208E8 /* Images.xcassets in Resources */,
				41421DC81B9DD7F3000DDFAF /* Default.png in Resources */,
				41E425E81BA86B26009C0581 /* esriView.xib in Resources */,
			);
			runOnlyForDeploymentPostprocessing = 0;
		};
		410556061B9C729400B208E8 /* Resources */ = {
			isa = PBXResourcesBuildPhase;
			buildActionMask = 2147483647;
			files = (
			);
			runOnlyForDeploymentPostprocessing = 0;
		};
/* End PBXResourcesBuildPhase section */

/* Begin PBXShellScriptBuildPhase section */
		10EA2595135C917F48B2B850 /* Check Pods Manifest.lock */ = {
			isa = PBXShellScriptBuildPhase;
			buildActionMask = 2147483647;
			files = (
			);
			inputPaths = (
			);
			name = "Check Pods Manifest.lock";
			outputPaths = (
			);
			runOnlyForDeploymentPostprocessing = 0;
			shellPath = /bin/sh;
			shellScript = "diff \"${PODS_ROOT}/../Podfile.lock\" \"${PODS_ROOT}/Manifest.lock\" > /dev/null\nif [[ $? != 0 ]] ; then\n    cat << EOM\nerror: The sandbox is not in sync with the Podfile.lock. Run 'pod install' or update your CocoaPods installation.\nEOM\n    exit 1\nfi\n";
			showEnvVarsInLog = 0;
		};
		E3AF33D586E076A7E2DD1591 /* Copy Pods Resources */ = {
			isa = PBXShellScriptBuildPhase;
			buildActionMask = 2147483647;
			files = (
			);
			inputPaths = (
			);
			name = "Copy Pods Resources";
			outputPaths = (
			);
			runOnlyForDeploymentPostprocessing = 0;
			shellPath = /bin/sh;
			shellScript = "\"${SRCROOT}/Pods/Target Support Files/Pods-hzch/Pods-hzch-resources.sh\"\n";
			showEnvVarsInLog = 0;
		};
/* End PBXShellScriptBuildPhase section */

/* Begin PBXSourcesBuildPhase section */
		410555E81B9C729400B208E8 /* Sources */ = {
			isa = PBXSourcesBuildPhase;
			buildActionMask = 2147483647;
			files = (
				41E425DD1BA869B2009C0581 /* NSConfigData.m in Sources */,
				4106DFF91BA1D7A900EF997D /* CLLocation+Sino.m in Sources */,
				41E425EB1BA86B7A009C0581 /* QueryParams.m in Sources */,
				41E425E01BA86A56009C0581 /* NSConvert.m in Sources */,
				410555F51B9C729400B208E8 /* AppDelegate.m in Sources */,
				41E425D61BA8694D009C0581 /* TianDiTuWMTSLayer.m in Sources */,
				41E425D81BA8694D009C0581 /* TianDiTuWMTSLayerInfoDelegate.m in Sources */,
				4106DFF81BA1D7A900EF997D /* NSDictionaryAdditions.m in Sources */,
				41E425E71BA86B26009C0581 /* esriView.m in Sources */,
				41E425D71BA8694D009C0581 /* TianDiTuWMTSLayerInfo.m in Sources */,
				41E425D91BA8694D009C0581 /* TianDiTuWMTSTileOperation.m in Sources */,
				410555F21B9C729400B208E8 /* main.m in Sources */,
				4106DFF51BA1D7A900EF997D /* StringUtil.m in Sources */,
				41E425E31BA86AAC009C0581 /* TianDiTuData.m in Sources */,
				4106DFF71BA1D7A900EF997D /* NSDataAdditions.m in Sources */,
			);
			runOnlyForDeploymentPostprocessing = 0;
		};
		410556041B9C729400B208E8 /* Sources */ = {
			isa = PBXSourcesBuildPhase;
			buildActionMask = 2147483647;
			files = (
				4105560F1B9C729400B208E8 /* hzchTests.m in Sources */,
			);
			runOnlyForDeploymentPostprocessing = 0;
		};
/* End PBXSourcesBuildPhase section */

/* Begin PBXTargetDependency section */
		4105560A1B9C729400B208E8 /* PBXTargetDependency */ = {
			isa = PBXTargetDependency;
			target = 410555EB1B9C729400B208E8 /* hzch */;
			targetProxy = 410556091B9C729400B208E8 /* PBXContainerItemProxy */;
		};
/* End PBXTargetDependency section */

/* Begin PBXVariantGroup section */
		410556011B9C729400B208E8 /* LaunchScreen.xib */ = {
			isa = PBXVariantGroup;
			children = (
				410556021B9C729400B208E8 /* Base */,
			);
			name = LaunchScreen.xib;
			sourceTree = "<group>";
		};
/* End PBXVariantGroup section */

/* Begin XCBuildConfiguration section */
		410556101B9C729400B208E8 /* Debug */ = {
			isa = XCBuildConfiguration;
			buildSettings = {
				ALWAYS_SEARCH_USER_PATHS = NO;
				CLANG_CXX_LANGUAGE_STANDARD = "gnu++0x";
				CLANG_CXX_LIBRARY = "libc++";
				CLANG_ENABLE_MODULES = YES;
				CLANG_ENABLE_OBJC_ARC = YES;
				CLANG_WARN_BOOL_CONVERSION = YES;
				CLANG_WARN_CONSTANT_CONVERSION = YES;
				CLANG_WARN_DIRECT_OBJC_ISA_USAGE = YES_ERROR;
				CLANG_WARN_EMPTY_BODY = YES;
				CLANG_WARN_ENUM_CONVERSION = YES;
				CLANG_WARN_INT_CONVERSION = YES;
				CLANG_WARN_OBJC_ROOT_CLASS = YES_ERROR;
				CLANG_WARN_UNREACHABLE_CODE = YES;
				CLANG_WARN__DUPLICATE_METHOD_MATCH = YES;
				"CODE_SIGN_IDENTITY[sdk=iphoneos*]" = "iPhone Developer";
				COPY_PHASE_STRIP = NO;
				DEBUG_INFORMATION_FORMAT = "dwarf-with-dsym";
				ENABLE_STRICT_OBJC_MSGSEND = YES;
				GCC_C_LANGUAGE_STANDARD = gnu99;
				GCC_DYNAMIC_NO_PIC = NO;
				GCC_NO_COMMON_BLOCKS = YES;
				GCC_OPTIMIZATION_LEVEL = 0;
				GCC_PREPROCESSOR_DEFINITIONS = (
					"DEBUG=1",
					"$(inherited)",
				);
				GCC_SYMBOLS_PRIVATE_EXTERN = NO;
				GCC_WARN_64_TO_32_BIT_CONVERSION = YES;
				GCC_WARN_ABOUT_RETURN_TYPE = YES_ERROR;
				GCC_WARN_UNDECLARED_SELECTOR = YES;
				GCC_WARN_UNINITIALIZED_AUTOS = YES_AGGRESSIVE;
				GCC_WARN_UNUSED_FUNCTION = YES;
				GCC_WARN_UNUSED_VARIABLE = YES;
				IPHONEOS_DEPLOYMENT_TARGET = 8.4;
				MTL_ENABLE_DEBUG_INFO = YES;
				ONLY_ACTIVE_ARCH = YES;
				SDKROOT = iphoneos;
				TARGETED_DEVICE_FAMILY = "1,2";
			};
			name = Debug;
		};
		410556111B9C729400B208E8 /* Release */ = {
			isa = XCBuildConfiguration;
			buildSettings = {
				ALWAYS_SEARCH_USER_PATHS = NO;
				CLANG_CXX_LANGUAGE_STANDARD = "gnu++0x";
				CLANG_CXX_LIBRARY = "libc++";
				CLANG_ENABLE_MODULES = YES;
				CLANG_ENABLE_OBJC_ARC = YES;
				CLANG_WARN_BOOL_CONVERSION = YES;
				CLANG_WARN_CONSTANT_CONVERSION = YES;
				CLANG_WARN_DIRECT_OBJC_ISA_USAGE = YES_ERROR;
				CLANG_WARN_EMPTY_BODY = YES;
				CLANG_WARN_ENUM_CONVERSION = YES;
				CLANG_WARN_INT_CONVERSION = YES;
				CLANG_WARN_OBJC_ROOT_CLASS = YES_ERROR;
				CLANG_WARN_UNREACHABLE_CODE = YES;
				CLANG_WARN__DUPLICATE_METHOD_MATCH = YES;
				"CODE_SIGN_IDENTITY[sdk=iphoneos*]" = "iPhone Developer";
				COPY_PHASE_STRIP = NO;
				DEBUG_INFORMATION_FORMAT = "dwarf-with-dsym";
				ENABLE_NS_ASSERTIONS = NO;
				ENABLE_STRICT_OBJC_MSGSEND = YES;
				GCC_C_LANGUAGE_STANDARD = gnu99;
				GCC_NO_COMMON_BLOCKS = YES;
				GCC_WARN_64_TO_32_BIT_CONVERSION = YES;
				GCC_WARN_ABOUT_RETURN_TYPE = YES_ERROR;
				GCC_WARN_UNDECLARED_SELECTOR = YES;
				GCC_WARN_UNINITIALIZED_AUTOS = YES_AGGRESSIVE;
				GCC_WARN_UNUSED_FUNCTION = YES;
				GCC_WARN_UNUSED_VARIABLE = YES;
				IPHONEOS_DEPLOYMENT_TARGET = 8.4;
				MTL_ENABLE_DEBUG_INFO = NO;
				SDKROOT = iphoneos;
				TARGETED_DEVICE_FAMILY = "1,2";
				VALIDATE_PRODUCT = YES;
			};
			name = Release;
		};
		410556131B9C729400B208E8 /* Debug */ = {
			isa = XCBuildConfiguration;
			baseConfigurationReference = 0AD16B1B7ACB02BA48094AC0 /* Pods-hzch.debug.xcconfig */;
			buildSettings = {
				ASSETCATALOG_COMPILER_APPICON_NAME = AppIcon;
				FRAMEWORK_SEARCH_PATHS = (
					"$(HOME)/Library/SDKs/ArcGIS",
					/Users/xtturing/qdzl,
				);
				HEADER_SEARCH_PATHS = "";
				INFOPLIST_FILE = hzch/Info.plist;
				IPHONEOS_DEPLOYMENT_TARGET = 7.0;
				LD_RUNPATH_SEARCH_PATHS = "$(inherited) @executable_path/Frameworks";
				OTHER_LDFLAGS = (
					"-ObjC",
					"-framework",
					ArcGIS,
					"-l",
					"c++",
					"-lxml2",
					"-all_load",
				);
				PRODUCT_NAME = "$(TARGET_NAME)";
			};
			name = Debug;
		};
		410556141B9C729400B208E8 /* Release */ = {
			isa = XCBuildConfiguration;
			baseConfigurationReference = 6BCCEBC68C9C28663761609C /* Pods-hzch.release.xcconfig */;
			buildSettings = {
				ASSETCATALOG_COMPILER_APPICON_NAME = AppIcon;
				FRAMEWORK_SEARCH_PATHS = (
					"$(HOME)/Library/SDKs/ArcGIS",
					/Users/xtturing/qdzl,
				);
				HEADER_SEARCH_PATHS = "";
				INFOPLIST_FILE = hzch/Info.plist;
				IPHONEOS_DEPLOYMENT_TARGET = 7.0;
				LD_RUNPATH_SEARCH_PATHS = "$(inherited) @executable_path/Frameworks";
				OTHER_LDFLAGS = (
					"-ObjC",
					"-framework",
					ArcGIS,
					"-l",
					"c++",
					"-lxml2",
					"-all_load",
				);
				PRODUCT_NAME = "$(TARGET_NAME)";
			};
			name = Release;
		};
		410556161B9C729400B208E8 /* Debug */ = {
			isa = XCBuildConfiguration;
			buildSettings = {
				BUNDLE_LOADER = "$(TEST_HOST)";
				FRAMEWORK_SEARCH_PATHS = (
					"$(SDKROOT)/Developer/Library/Frameworks",
					"$(inherited)",
				);
				GCC_PREPROCESSOR_DEFINITIONS = (
					"DEBUG=1",
					"$(inherited)",
				);
				INFOPLIST_FILE = hzchTests/Info.plist;
				LD_RUNPATH_SEARCH_PATHS = "$(inherited) @executable_path/Frameworks @loader_path/Frameworks";
				PRODUCT_NAME = "$(TARGET_NAME)";
				TEST_HOST = "$(BUILT_PRODUCTS_DIR)/hzch.app/hzch";
			};
			name = Debug;
		};
		410556171B9C729400B208E8 /* Release */ = {
			isa = XCBuildConfiguration;
			buildSettings = {
				BUNDLE_LOADER = "$(TEST_HOST)";
				FRAMEWORK_SEARCH_PATHS = (
					"$(SDKROOT)/Developer/Library/Frameworks",
					"$(inherited)",
				);
				INFOPLIST_FILE = hzchTests/Info.plist;
				LD_RUNPATH_SEARCH_PATHS = "$(inherited) @executable_path/Frameworks @loader_path/Frameworks";
				PRODUCT_NAME = "$(TARGET_NAME)";
				TEST_HOST = "$(BUILT_PRODUCTS_DIR)/hzch.app/hzch";
			};
			name = Release;
		};
/* End XCBuildConfiguration section */

/* Begin XCConfigurationList section */
		410555E71B9C729400B208E8 /* Build configuration list for PBXProject "hzch" */ = {
			isa = XCConfigurationList;
			buildConfigurations = (
				410556101B9C729400B208E8 /* Debug */,
				410556111B9C729400B208E8 /* Release */,
			);
			defaultConfigurationIsVisible = 0;
			defaultConfigurationName = Release;
		};
		410556121B9C729400B208E8 /* Build configuration list for PBXNativeTarget "hzch" */ = {
			isa = XCConfigurationList;
			buildConfigurations = (
				410556131B9C729400B208E8 /* Debug */,
				410556141B9C729400B208E8 /* Release */,
			);
			defaultConfigurationIsVisible = 0;
			defaultConfigurationName = Release;
		};
		410556151B9C729400B208E8 /* Build configuration list for PBXNativeTarget "hzchTests" */ = {
			isa = XCConfigurationList;
			buildConfigurations = (
				410556161B9C729400B208E8 /* Debug */,
				410556171B9C729400B208E8 /* Release */,
			);
			defaultConfigurationIsVisible = 0;
			defaultConfigurationName = Release;
		};
/* End XCConfigurationList section */
	};
	rootObject = 410555E41B9C729400B208E8 /* Project object */;
}
